// !$*UTF8*$!
{
	archiveVersion = 1;
	classes = {
	};
	objectVersion = 46;
	objects = {

/* Begin PBXBuildFile section */
		1D60589B0D05DD56006BFB54 /* main.m in Sources */ = {isa = PBXBuildFile; fileRef = 29B97316FDCFA39411CA2CEA /* main.m */; };
		1D60589F0D05DD5A006BFB54 /* Foundation.framework in Frameworks */ = {isa = PBXBuildFile; fileRef = 1D30AB110D05D00D00671497 /* Foundation.framework */; };
		1DF5F4E00D08C38300B7A737 /* UIKit.framework in Frameworks */ = {isa = PBXBuildFile; fileRef = 1DF5F4DF0D08C38300B7A737 /* UIKit.framework */; };
		2247461C680883B30BF6FDD0 /* libPods-StockList Demo for iOS.a in Frameworks */ = {isa = PBXBuildFile; fileRef = EF6A5A93D6209BD6CA3DAC51 /* libPods-StockList Demo for iOS.a */; };
		2860E328111B887F00E27156 /* AppDelegate_iPhone.m in Sources */ = {isa = PBXBuildFile; fileRef = 2860E326111B887F00E27156 /* AppDelegate_iPhone.m */; };
		2860E329111B887F00E27156 /* MainWindow_iPhone.xib in Resources */ = {isa = PBXBuildFile; fileRef = 2860E327111B887F00E27156 /* MainWindow_iPhone.xib */; };
		2860E32E111B888700E27156 /* AppDelegate_iPad.m in Sources */ = {isa = PBXBuildFile; fileRef = 2860E32C111B888700E27156 /* AppDelegate_iPad.m */; };
		2860E32F111B888700E27156 /* MainWindow_iPad.xib in Resources */ = {isa = PBXBuildFile; fileRef = 2860E32D111B888700E27156 /* MainWindow_iPad.xib */; };
		288765FD0DF74451002DB57D /* CoreGraphics.framework in Frameworks */ = {isa = PBXBuildFile; fileRef = 288765FC0DF74451002DB57D /* CoreGraphics.framework */; };
		8C00FE641884390B009A4F34 /* Connector.m in Sources */ = {isa = PBXBuildFile; fileRef = 8C00FE631884390B009A4F34 /* Connector.m */; };
		8C17AE6A18C78DFA00363347 /* libLightstreamer_iOS_client_64.a in Frameworks */ = {isa = PBXBuildFile; fileRef = 8CD8D57E186879690021E803 /* libLightstreamer_iOS_client_64.a */; };
		8C2F040F1869D90500012B38 /* SpecialEffects.m in Sources */ = {isa = PBXBuildFile; fileRef = 8C2F040E1869D90500012B38 /* SpecialEffects.m */; };
		8C3DC94A17EB273B0006C18D /* Icon StockList Demo 76x76.png in Resources */ = {isa = PBXBuildFile; fileRef = 8CD91C1D17C2531400EC1B94 /* Icon StockList Demo 76x76.png */; };
		8C3DC94B17EB273B0006C18D /* Icon StockList Demo 120x120.png in Resources */ = {isa = PBXBuildFile; fileRef = 8CD91C1E17C2531400EC1B94 /* Icon StockList Demo 120x120.png */; };
		8C3DC94C17EB273B0006C18D /* Icon StockList Demo 152x152.png in Resources */ = {isa = PBXBuildFile; fileRef = 8CD91C1F17C2531400EC1B94 /* Icon StockList Demo 152x152.png */; };
		8C50BEBA16650594004595E4 /* Default.png in Resources */ = {isa = PBXBuildFile; fileRef = 8C50BEB916650593004595E4 /* Default.png */; };
		8C50BEBC1665059B004595E4 /* Default@2x.png in Resources */ = {isa = PBXBuildFile; fileRef = 8C50BEBB1665059B004595E4 /* Default@2x.png */; };
		8C50BEBE1665059E004595E4 /* Default-568h@2x.png in Resources */ = {isa = PBXBuildFile; fileRef = 8C50BEBD1665059E004595E4 /* Default-568h@2x.png */; };
		8C50BEC0166505AB004595E4 /* Default-Portrait~ipad.png in Resources */ = {isa = PBXBuildFile; fileRef = 8C50BEBF166505AB004595E4 /* Default-Portrait~ipad.png */; };
		8C50BEC2166505B6004595E4 /* Default-Portrait@2x~ipad.png in Resources */ = {isa = PBXBuildFile; fileRef = 8C50BEC1166505B6004595E4 /* Default-Portrait@2x~ipad.png */; };
		8C50BEC4166505BC004595E4 /* Default-Landscape~ipad.png in Resources */ = {isa = PBXBuildFile; fileRef = 8C50BEC3166505BC004595E4 /* Default-Landscape~ipad.png */; };
		8C50BEC6166505BF004595E4 /* Default-Landscape@2x~ipad.png in Resources */ = {isa = PBXBuildFile; fileRef = 8C50BEC5166505BF004595E4 /* Default-Landscape@2x~ipad.png */; };
		8C50BED4166507DF004595E4 /* Arrow-down.png in Resources */ = {isa = PBXBuildFile; fileRef = 8C50BEC7166507DF004595E4 /* Arrow-down.png */; };
		8C50BED5166507DF004595E4 /* Arrow-up.png in Resources */ = {isa = PBXBuildFile; fileRef = 8C50BEC8166507DF004595E4 /* Arrow-up.png */; };
		8C50BEDE166507DF004595E4 /* Info.png in Resources */ = {isa = PBXBuildFile; fileRef = 8C50BED1166507DF004595E4 /* Info.png */; };
		8C50BEDF166507DF004595E4 /* Info@2x.png in Resources */ = {isa = PBXBuildFile; fileRef = 8C50BED2166507DF004595E4 /* Info@2x.png */; };
		8C50BEE0166507DF004595E4 /* Lightstreamer.png in Resources */ = {isa = PBXBuildFile; fileRef = 8C50BED3166507DF004595E4 /* Lightstreamer.png */; };
		8C50BEE716650DFD004595E4 /* Arrow-down@2x.png in Resources */ = {isa = PBXBuildFile; fileRef = 8C50BEE516650DFD004595E4 /* Arrow-down@2x.png */; };
		8C50BEE816650DFD004595E4 /* Arrow-up@2x.png in Resources */ = {isa = PBXBuildFile; fileRef = 8C50BEE616650DFD004595E4 /* Arrow-up@2x.png */; };
		8C66014C186D90D7008DB46F /* ChartView.m in Sources */ = {isa = PBXBuildFile; fileRef = 8C66014B186D90D7008DB46F /* ChartView.m */; };
		8C66014F186D90F0008DB46F /* ChartViewController.m in Sources */ = {isa = PBXBuildFile; fileRef = 8C66014E186D90F0008DB46F /* ChartViewController.m */; };
		8C660151186DB6D1008DB46F /* CoreText.framework in Frameworks */ = {isa = PBXBuildFile; fileRef = 8C660150186DB6D1008DB46F /* CoreText.framework */; };
		8C6632211B6FC72200D9A191 /* libjre_emul.a in Frameworks */ = {isa = PBXBuildFile; fileRef = 8C6632201B6FC72200D9A191 /* libjre_emul.a */; };
		8C6632231B6FC73000D9A191 /* libicucore.dylib in Frameworks */ = {isa = PBXBuildFile; fileRef = 8C6632221B6FC73000D9A191 /* libicucore.dylib */; };
		8C6632251B6FC73500D9A191 /* libz.dylib in Frameworks */ = {isa = PBXBuildFile; fileRef = 8C6632241B6FC73500D9A191 /* libz.dylib */; };
		8C7518E41875BBA700CB61D5 /* UIAlertView+BlockExtensions.m in Sources */ = {isa = PBXBuildFile; fileRef = 8C7518E31875BBA700CB61D5 /* UIAlertView+BlockExtensions.m */; };
		8C7A1A3012E4AF770019C2A7 /* InfoViewController.m in Sources */ = {isa = PBXBuildFile; fileRef = 8C7A1A2F12E4AF770019C2A7 /* InfoViewController.m */; };
		8C7A1A3612E4AF8D0019C2A7 /* InfoView.m in Sources */ = {isa = PBXBuildFile; fileRef = 8C7A1A3512E4AF8D0019C2A7 /* InfoView.m */; };
		8C8616301610BDBE00D6F55F /* Security.framework in Frameworks */ = {isa = PBXBuildFile; fileRef = 8C86162F1610BDBE00D6F55F /* Security.framework */; };
		8C9C99D017C3C4A10008BA3E /* Icon_disconnected.png in Resources */ = {isa = PBXBuildFile; fileRef = 8C9C99C817C3C1790008BA3E /* Icon_disconnected.png */; };
		8C9C99D117C3C4A10008BA3E /* Icon_disconnected@2x.png in Resources */ = {isa = PBXBuildFile; fileRef = 8C9C99C917C3C1790008BA3E /* Icon_disconnected@2x.png */; };
		8C9C99D217C3C4A10008BA3E /* Icon_polling.png in Resources */ = {isa = PBXBuildFile; fileRef = 8C9C99CA17C3C1790008BA3E /* Icon_polling.png */; };
		8C9C99D317C3C4A10008BA3E /* Icon_polling@2x.png in Resources */ = {isa = PBXBuildFile; fileRef = 8C9C99CB17C3C1790008BA3E /* Icon_polling@2x.png */; };
		8C9C99D417C3C4A10008BA3E /* Icon_stalled.png in Resources */ = {isa = PBXBuildFile; fileRef = 8C9C99CC17C3C1790008BA3E /* Icon_stalled.png */; };
		8C9C99D517C3C4A10008BA3E /* Icon_stalled@2x.png in Resources */ = {isa = PBXBuildFile; fileRef = 8C9C99CD17C3C1790008BA3E /* Icon_stalled@2x.png */; };
		8C9C99D617C3C4A10008BA3E /* Icon_streaming.png in Resources */ = {isa = PBXBuildFile; fileRef = 8C9C99CE17C3C1790008BA3E /* Icon_streaming.png */; };
		8C9C99D717C3C4A10008BA3E /* Icon_streaming@2x.png in Resources */ = {isa = PBXBuildFile; fileRef = 8C9C99CF17C3C1790008BA3E /* Icon_streaming@2x.png */; };
		8CA3C25D17C3A747005598B5 /* StockListSection_iPhone.xib in Resources */ = {isa = PBXBuildFile; fileRef = 8CA3C25C17C3A747005598B5 /* StockListSection_iPhone.xib */; };
		8CA3C25F17C3A77F005598B5 /* InfoView_iPhone.xib in Resources */ = {isa = PBXBuildFile; fileRef = 8CA3C25E17C3A77F005598B5 /* InfoView_iPhone.xib */; };
		8CA3C26117C3A78C005598B5 /* StatusView_iPhone.xib in Resources */ = {isa = PBXBuildFile; fileRef = 8CA3C26017C3A78C005598B5 /* StatusView_iPhone.xib */; };
		8CA3C26517C3A92B005598B5 /* InfoView_iPad.xib in Resources */ = {isa = PBXBuildFile; fileRef = 8CA3C26417C3A92B005598B5 /* InfoView_iPad.xib */; };
		8CA3C26717C3A937005598B5 /* StatusView_iPad.xib in Resources */ = {isa = PBXBuildFile; fileRef = 8CA3C26617C3A937005598B5 /* StatusView_iPad.xib */; };
		8CD113AD12A01DFC0047C173 /* StockListView_iPad.xib in Resources */ = {isa = PBXBuildFile; fileRef = 8CD113AC12A01DFC0047C173 /* StockListView_iPad.xib */; };
		8CD113B012A01E600047C173 /* StockListView_iPhone.xib in Resources */ = {isa = PBXBuildFile; fileRef = 8CD113AF12A01E600047C173 /* StockListView_iPhone.xib */; };
		8CD113B412A01EEE0047C173 /* StockListViewController.m in Sources */ = {isa = PBXBuildFile; fileRef = 8CD113B312A01EEE0047C173 /* StockListViewController.m */; };
		8CD113B712A01F0D0047C173 /* StockListView.m in Sources */ = {isa = PBXBuildFile; fileRef = 8CD113B612A01F0D0047C173 /* StockListView.m */; };
		8CD113CA12A021DD0047C173 /* StockListCell_iPad.xib in Resources */ = {isa = PBXBuildFile; fileRef = 8CD113C912A021DD0047C173 /* StockListCell_iPad.xib */; };
		8CD113CD12A023640047C173 /* StockListSection_iPad.xib in Resources */ = {isa = PBXBuildFile; fileRef = 8CD113CC12A023640047C173 /* StockListSection_iPad.xib */; };
		8CD113D012A025F90047C173 /* StockListCell_iPhone.xib in Resources */ = {isa = PBXBuildFile; fileRef = 8CD113CF12A025F90047C173 /* StockListCell_iPhone.xib */; };
		8CD1140F12A02B8F0047C173 /* StockListCell.m in Sources */ = {isa = PBXBuildFile; fileRef = 8CD1140E12A02B8F0047C173 /* StockListCell.m */; };
		8CD8D58118688B910021E803 /* DetailView_iPad.xib in Resources */ = {isa = PBXBuildFile; fileRef = 8CD8D58018688B910021E803 /* DetailView_iPad.xib */; };
		8CD8D58418688CC40021E803 /* DetailView.m in Sources */ = {isa = PBXBuildFile; fileRef = 8CD8D58318688CC40021E803 /* DetailView.m */; };
		8CD8D58718688CDA0021E803 /* DetailViewController.m in Sources */ = {isa = PBXBuildFile; fileRef = 8CD8D58618688CDA0021E803 /* DetailViewController.m */; };
		8CD8D589186894DC0021E803 /* DetailView_iPhone.xib in Resources */ = {isa = PBXBuildFile; fileRef = 8CD8D588186894DC0021E803 /* DetailView_iPhone.xib */; };
		8CED185F132FD30100F92DFE /* StatusViewController.m in Sources */ = {isa = PBXBuildFile; fileRef = 8CED185E132FD2FF00F92DFE /* StatusViewController.m */; };
		8CED1862132FD32900F92DFE /* StatusView.m in Sources */ = {isa = PBXBuildFile; fileRef = 8CED1861132FD32500F92DFE /* StatusView.m */; };
		8CFDB3D2189284CD009D8BD1 /* Icon_connecting.png in Resources */ = {isa = PBXBuildFile; fileRef = 8CFDB3D0189284CD009D8BD1 /* Icon_connecting.png */; };
		8CFDB3D3189284CD009D8BD1 /* Icon_connecting@2x.png in Resources */ = {isa = PBXBuildFile; fileRef = 8CFDB3D1189284CD009D8BD1 /* Icon_connecting@2x.png */; };
/* End PBXBuildFile section */

/* Begin PBXFileReference section */
		03DEDB1AE2F1BC4DCD2B6337 /* Pods-StockList Demo for iOS.debug.xcconfig */ = {isa = PBXFileReference; includeInIndex = 1; lastKnownFileType = text.xcconfig; name = "Pods-StockList Demo for iOS.debug.xcconfig"; path = "Pods/Target Support Files/Pods-StockList Demo for iOS/Pods-StockList Demo for iOS.debug.xcconfig"; sourceTree = "<group>"; };
		1D30AB110D05D00D00671497 /* Foundation.framework */ = {isa = PBXFileReference; lastKnownFileType = wrapper.framework; name = Foundation.framework; path = System/Library/Frameworks/Foundation.framework; sourceTree = SDKROOT; };
		1D6058910D05DD3D006BFB54 /* Lightstreamer StockList.app */ = {isa = PBXFileReference; explicitFileType = wrapper.application; includeInIndex = 0; path = "Lightstreamer StockList.app"; sourceTree = BUILT_PRODUCTS_DIR; };
		1DF5F4DF0D08C38300B7A737 /* UIKit.framework */ = {isa = PBXFileReference; lastKnownFileType = wrapper.framework; name = UIKit.framework; path = System/Library/Frameworks/UIKit.framework; sourceTree = SDKROOT; };
		2860E325111B887F00E27156 /* AppDelegate_iPhone.h */ = {isa = PBXFileReference; fileEncoding = 4; lastKnownFileType = sourcecode.c.h; path = AppDelegate_iPhone.h; sourceTree = "<group>"; };
		2860E326111B887F00E27156 /* AppDelegate_iPhone.m */ = {isa = PBXFileReference; fileEncoding = 4; lastKnownFileType = sourcecode.c.objc; path = AppDelegate_iPhone.m; sourceTree = "<group>"; };
		2860E327111B887F00E27156 /* MainWindow_iPhone.xib */ = {isa = PBXFileReference; lastKnownFileType = file.xib; path = MainWindow_iPhone.xib; sourceTree = "<group>"; };
		2860E32B111B888700E27156 /* AppDelegate_iPad.h */ = {isa = PBXFileReference; fileEncoding = 4; lastKnownFileType = sourcecode.c.h; path = AppDelegate_iPad.h; sourceTree = "<group>"; };
		2860E32C111B888700E27156 /* AppDelegate_iPad.m */ = {isa = PBXFileReference; fileEncoding = 4; lastKnownFileType = sourcecode.c.objc; path = AppDelegate_iPad.m; sourceTree = "<group>"; };
		2860E32D111B888700E27156 /* MainWindow_iPad.xib */ = {isa = PBXFileReference; lastKnownFileType = file.xib; path = MainWindow_iPad.xib; sourceTree = "<group>"; };
		288765FC0DF74451002DB57D /* CoreGraphics.framework */ = {isa = PBXFileReference; lastKnownFileType = wrapper.framework; name = CoreGraphics.framework; path = System/Library/Frameworks/CoreGraphics.framework; sourceTree = SDKROOT; };
		29B97316FDCFA39411CA2CEA /* main.m */ = {isa = PBXFileReference; fileEncoding = 4; lastKnownFileType = sourcecode.c.objc; name = main.m; path = Shared/main.m; sourceTree = "<group>"; };
		32CA4F630368D1EE00C91783 /* StockList_Demo_for_iOS_Prefix.pch */ = {isa = PBXFileReference; fileEncoding = 4; lastKnownFileType = sourcecode.c.h; path = StockList_Demo_for_iOS_Prefix.pch; sourceTree = "<group>"; };
		5A3F7A84BBBB949BE437FF66 /* Pods-StockList Demo for iOS.release.xcconfig */ = {isa = PBXFileReference; includeInIndex = 1; lastKnownFileType = text.xcconfig; name = "Pods-StockList Demo for iOS.release.xcconfig"; path = "Pods/Target Support Files/Pods-StockList Demo for iOS/Pods-StockList Demo for iOS.release.xcconfig"; sourceTree = "<group>"; };
		8C00FE621884390B009A4F34 /* Connector.h */ = {isa = PBXFileReference; fileEncoding = 4; lastKnownFileType = sourcecode.c.h; name = Connector.h; path = Shared/Connector.h; sourceTree = "<group>"; };
		8C00FE631884390B009A4F34 /* Connector.m */ = {isa = PBXFileReference; fileEncoding = 4; lastKnownFileType = sourcecode.c.objc; name = Connector.m; path = Shared/Connector.m; sourceTree = "<group>"; };
		8C2F040D1869D90500012B38 /* SpecialEffects.h */ = {isa = PBXFileReference; fileEncoding = 4; lastKnownFileType = sourcecode.c.h; name = SpecialEffects.h; path = Shared/SpecialEffects.h; sourceTree = "<group>"; };
		8C2F040E1869D90500012B38 /* SpecialEffects.m */ = {isa = PBXFileReference; fileEncoding = 4; lastKnownFileType = sourcecode.c.objc; name = SpecialEffects.m; path = Shared/SpecialEffects.m; sourceTree = "<group>"; };
		8C50BEB916650593004595E4 /* Default.png */ = {isa = PBXFileReference; lastKnownFileType = image.png; path = Default.png; sourceTree = "<group>"; };
		8C50BEBB1665059B004595E4 /* Default@2x.png */ = {isa = PBXFileReference; lastKnownFileType = image.png; path = "Default@2x.png"; sourceTree = "<group>"; };
		8C50BEBD1665059E004595E4 /* Default-568h@2x.png */ = {isa = PBXFileReference; lastKnownFileType = image.png; path = "Default-568h@2x.png"; sourceTree = "<group>"; };
		8C50BEBF166505AB004595E4 /* Default-Portrait~ipad.png */ = {isa = PBXFileReference; lastKnownFileType = image.png; path = "Default-Portrait~ipad.png"; sourceTree = "<group>"; };
		8C50BEC1166505B6004595E4 /* Default-Portrait@2x~ipad.png */ = {isa = PBXFileReference; lastKnownFileType = image.png; path = "Default-Portrait@2x~ipad.png"; sourceTree = "<group>"; };
		8C50BEC3166505BC004595E4 /* Default-Landscape~ipad.png */ = {isa = PBXFileReference; lastKnownFileType = image.png; path = "Default-Landscape~ipad.png"; sourceTree = "<group>"; };
		8C50BEC5166505BF004595E4 /* Default-Landscape@2x~ipad.png */ = {isa = PBXFileReference; lastKnownFileType = image.png; path = "Default-Landscape@2x~ipad.png"; sourceTree = "<group>"; };
		8C50BEC7166507DF004595E4 /* Arrow-down.png */ = {isa = PBXFileReference; lastKnownFileType = image.png; path = "Arrow-down.png"; sourceTree = "<group>"; };
		8C50BEC8166507DF004595E4 /* Arrow-up.png */ = {isa = PBXFileReference; lastKnownFileType = image.png; path = "Arrow-up.png"; sourceTree = "<group>"; };
		8C50BED1166507DF004595E4 /* Info.png */ = {isa = PBXFileReference; lastKnownFileType = image.png; path = Info.png; sourceTree = "<group>"; };
		8C50BED2166507DF004595E4 /* Info@2x.png */ = {isa = PBXFileReference; lastKnownFileType = image.png; path = "Info@2x.png"; sourceTree = "<group>"; };
		8C50BED3166507DF004595E4 /* Lightstreamer.png */ = {isa = PBXFileReference; lastKnownFileType = image.png; path = Lightstreamer.png; sourceTree = "<group>"; };
		8C50BEE516650DFD004595E4 /* Arrow-down@2x.png */ = {isa = PBXFileReference; lastKnownFileType = image.png; path = "Arrow-down@2x.png"; sourceTree = "<group>"; };
		8C50BEE616650DFD004595E4 /* Arrow-up@2x.png */ = {isa = PBXFileReference; lastKnownFileType = image.png; path = "Arrow-up@2x.png"; sourceTree = "<group>"; };
		8C66014A186D90D7008DB46F /* ChartView.h */ = {isa = PBXFileReference; fileEncoding = 4; lastKnownFileType = sourcecode.c.h; name = ChartView.h; path = Shared/ChartView.h; sourceTree = "<group>"; };
		8C66014B186D90D7008DB46F /* ChartView.m */ = {isa = PBXFileReference; fileEncoding = 4; lastKnownFileType = sourcecode.c.objc; name = ChartView.m; path = Shared/ChartView.m; sourceTree = "<group>"; };
		8C66014D186D90F0008DB46F /* ChartViewController.h */ = {isa = PBXFileReference; fileEncoding = 4; lastKnownFileType = sourcecode.c.h; name = ChartViewController.h; path = Shared/ChartViewController.h; sourceTree = "<group>"; };
		8C66014E186D90F0008DB46F /* ChartViewController.m */ = {isa = PBXFileReference; fileEncoding = 4; lastKnownFileType = sourcecode.c.objc; name = ChartViewController.m; path = Shared/ChartViewController.m; sourceTree = "<group>"; };
		8C660150186DB6D1008DB46F /* CoreText.framework */ = {isa = PBXFileReference; lastKnownFileType = wrapper.framework; name = CoreText.framework; path = System/Library/Frameworks/CoreText.framework; sourceTree = SDKROOT; };
		8C6632201B6FC72200D9A191 /* libjre_emul.a */ = {isa = PBXFileReference; lastKnownFileType = archive.ar; name = libjre_emul.a; path = "Lightstreamer client for iOS/lib/libjre_emul.a"; sourceTree = "<group>"; };
		8C6632221B6FC73000D9A191 /* libicucore.dylib */ = {isa = PBXFileReference; lastKnownFileType = "compiled.mach-o.dylib"; name = libicucore.dylib; path = usr/lib/libicucore.dylib; sourceTree = SDKROOT; };
		8C6632241B6FC73500D9A191 /* libz.dylib */ = {isa = PBXFileReference; lastKnownFileType = "compiled.mach-o.dylib"; name = libz.dylib; path = usr/lib/libz.dylib; sourceTree = SDKROOT; };
		8C7518E018757A2700CB61D5 /* StockListAppDelegate.h */ = {isa = PBXFileReference; lastKnownFileType = sourcecode.c.h; name = StockListAppDelegate.h; path = Shared/StockListAppDelegate.h; sourceTree = "<group>"; };
		8C7518E21875BBA700CB61D5 /* UIAlertView+BlockExtensions.h */ = {isa = PBXFileReference; fileEncoding = 4; lastKnownFileType = sourcecode.c.h; name = "UIAlertView+BlockExtensions.h"; path = "Shared/UIAlertView+BlockExtensions.h"; sourceTree = "<group>"; };
		8C7518E31875BBA700CB61D5 /* UIAlertView+BlockExtensions.m */ = {isa = PBXFileReference; fileEncoding = 4; lastKnownFileType = sourcecode.c.objc; name = "UIAlertView+BlockExtensions.m"; path = "Shared/UIAlertView+BlockExtensions.m"; sourceTree = "<group>"; };
		8C7A1A2E12E4AF770019C2A7 /* InfoViewController.h */ = {isa = PBXFileReference; fileEncoding = 4; lastKnownFileType = sourcecode.c.h; name = InfoViewController.h; path = Shared/InfoViewController.h; sourceTree = "<group>"; };
		8C7A1A2F12E4AF770019C2A7 /* InfoViewController.m */ = {isa = PBXFileReference; fileEncoding = 4; lastKnownFileType = sourcecode.c.objc; name = InfoViewController.m; path = Shared/InfoViewController.m; sourceTree = "<group>"; };
		8C7A1A3412E4AF8D0019C2A7 /* InfoView.h */ = {isa = PBXFileReference; fileEncoding = 4; lastKnownFileType = sourcecode.c.h; name = InfoView.h; path = Shared/InfoView.h; sourceTree = "<group>"; };
		8C7A1A3512E4AF8D0019C2A7 /* InfoView.m */ = {isa = PBXFileReference; fileEncoding = 4; lastKnownFileType = sourcecode.c.objc; name = InfoView.m; path = Shared/InfoView.m; sourceTree = "<group>"; };
		8C86162F1610BDBE00D6F55F /* Security.framework */ = {isa = PBXFileReference; lastKnownFileType = wrapper.framework; name = Security.framework; path = System/Library/Frameworks/Security.framework; sourceTree = SDKROOT; };
		8C9C99C817C3C1790008BA3E /* Icon_disconnected.png */ = {isa = PBXFileReference; lastKnownFileType = image.png; path = Icon_disconnected.png; sourceTree = "<group>"; };
		8C9C99C917C3C1790008BA3E /* Icon_disconnected@2x.png */ = {isa = PBXFileReference; lastKnownFileType = image.png; path = "Icon_disconnected@2x.png"; sourceTree = "<group>"; };
		8C9C99CA17C3C1790008BA3E /* Icon_polling.png */ = {isa = PBXFileReference; lastKnownFileType = image.png; path = Icon_polling.png; sourceTree = "<group>"; };
		8C9C99CB17C3C1790008BA3E /* Icon_polling@2x.png */ = {isa = PBXFileReference; lastKnownFileType = image.png; path = "Icon_polling@2x.png"; sourceTree = "<group>"; };
		8C9C99CC17C3C1790008BA3E /* Icon_stalled.png */ = {isa = PBXFileReference; lastKnownFileType = image.png; path = Icon_stalled.png; sourceTree = "<group>"; };
		8C9C99CD17C3C1790008BA3E /* Icon_stalled@2x.png */ = {isa = PBXFileReference; lastKnownFileType = image.png; path = "Icon_stalled@2x.png"; sourceTree = "<group>"; };
		8C9C99CE17C3C1790008BA3E /* Icon_streaming.png */ = {isa = PBXFileReference; lastKnownFileType = image.png; path = Icon_streaming.png; sourceTree = "<group>"; };
		8C9C99CF17C3C1790008BA3E /* Icon_streaming@2x.png */ = {isa = PBXFileReference; lastKnownFileType = image.png; path = "Icon_streaming@2x.png"; sourceTree = "<group>"; };
		8CA3C25C17C3A747005598B5 /* StockListSection_iPhone.xib */ = {isa = PBXFileReference; fileEncoding = 4; lastKnownFileType = file.xib; path = StockListSection_iPhone.xib; sourceTree = "<group>"; };
		8CA3C25E17C3A77F005598B5 /* InfoView_iPhone.xib */ = {isa = PBXFileReference; fileEncoding = 4; lastKnownFileType = file.xib; path = InfoView_iPhone.xib; sourceTree = "<group>"; };
		8CA3C26017C3A78C005598B5 /* StatusView_iPhone.xib */ = {isa = PBXFileReference; fileEncoding = 4; lastKnownFileType = file.xib; path = StatusView_iPhone.xib; sourceTree = "<group>"; };
		8CA3C26417C3A92B005598B5 /* InfoView_iPad.xib */ = {isa = PBXFileReference; fileEncoding = 4; lastKnownFileType = file.xib; path = InfoView_iPad.xib; sourceTree = "<group>"; };
		8CA3C26617C3A937005598B5 /* StatusView_iPad.xib */ = {isa = PBXFileReference; fileEncoding = 4; lastKnownFileType = file.xib; path = StatusView_iPad.xib; sourceTree = "<group>"; };
		8CC6A4801524C7F7003FB6C0 /* SystemConfiguration.framework */ = {isa = PBXFileReference; lastKnownFileType = wrapper.framework; name = SystemConfiguration.framework; path = System/Library/Frameworks/SystemConfiguration.framework; sourceTree = SDKROOT; };
		8CD113AC12A01DFC0047C173 /* StockListView_iPad.xib */ = {isa = PBXFileReference; lastKnownFileType = file.xib; path = StockListView_iPad.xib; sourceTree = "<group>"; };
		8CD113AF12A01E600047C173 /* StockListView_iPhone.xib */ = {isa = PBXFileReference; lastKnownFileType = file.xib; path = StockListView_iPhone.xib; sourceTree = "<group>"; };
		8CD113B212A01EEE0047C173 /* StockListViewController.h */ = {isa = PBXFileReference; fileEncoding = 4; lastKnownFileType = sourcecode.c.h; name = StockListViewController.h; path = Shared/StockListViewController.h; sourceTree = "<group>"; };
		8CD113B312A01EEE0047C173 /* StockListViewController.m */ = {isa = PBXFileReference; fileEncoding = 4; lastKnownFileType = sourcecode.c.objc; name = StockListViewController.m; path = Shared/StockListViewController.m; sourceTree = "<group>"; };
		8CD113B512A01F0D0047C173 /* StockListView.h */ = {isa = PBXFileReference; fileEncoding = 4; lastKnownFileType = sourcecode.c.h; name = StockListView.h; path = Shared/StockListView.h; sourceTree = "<group>"; };
		8CD113B612A01F0D0047C173 /* StockListView.m */ = {isa = PBXFileReference; fileEncoding = 4; lastKnownFileType = sourcecode.c.objc; name = StockListView.m; path = Shared/StockListView.m; sourceTree = "<group>"; };
		8CD113B812A021000047C173 /* Constants.h */ = {isa = PBXFileReference; fileEncoding = 4; lastKnownFileType = sourcecode.c.h; name = Constants.h; path = Shared/Constants.h; sourceTree = "<group>"; };
		8CD113C912A021DD0047C173 /* StockListCell_iPad.xib */ = {isa = PBXFileReference; lastKnownFileType = file.xib; path = StockListCell_iPad.xib; sourceTree = "<group>"; };
		8CD113CC12A023640047C173 /* StockListSection_iPad.xib */ = {isa = PBXFileReference; lastKnownFileType = file.xib; path = StockListSection_iPad.xib; sourceTree = "<group>"; };
		8CD113CF12A025F90047C173 /* StockListCell_iPhone.xib */ = {isa = PBXFileReference; lastKnownFileType = file.xib; path = StockListCell_iPhone.xib; sourceTree = "<group>"; };
		8CD1140D12A02B8F0047C173 /* StockListCell.h */ = {isa = PBXFileReference; fileEncoding = 4; lastKnownFileType = sourcecode.c.h; name = StockListCell.h; path = Shared/StockListCell.h; sourceTree = "<group>"; };
		8CD1140E12A02B8F0047C173 /* StockListCell.m */ = {isa = PBXFileReference; fileEncoding = 4; lastKnownFileType = sourcecode.c.objc; name = StockListCell.m; path = Shared/StockListCell.m; sourceTree = "<group>"; };
		8CD8D57E186879690021E803 /* libLightstreamer_iOS_client_64.a */ = {isa = PBXFileReference; lastKnownFileType = archive.ar; name = libLightstreamer_iOS_client_64.a; path = "Lightstreamer client for iOS/lib/libLightstreamer_iOS_client_64.a"; sourceTree = "<group>"; };
		8CD8D58018688B910021E803 /* DetailView_iPad.xib */ = {isa = PBXFileReference; fileEncoding = 4; lastKnownFileType = file.xib; path = DetailView_iPad.xib; sourceTree = "<group>"; };
		8CD8D58218688CC40021E803 /* DetailView.h */ = {isa = PBXFileReference; fileEncoding = 4; lastKnownFileType = sourcecode.c.h; name = DetailView.h; path = Shared/DetailView.h; sourceTree = "<group>"; };
		8CD8D58318688CC40021E803 /* DetailView.m */ = {isa = PBXFileReference; fileEncoding = 4; lastKnownFileType = sourcecode.c.objc; name = DetailView.m; path = Shared/DetailView.m; sourceTree = "<group>"; };
		8CD8D58518688CDA0021E803 /* DetailViewController.h */ = {isa = PBXFileReference; fileEncoding = 4; lastKnownFileType = sourcecode.c.h; name = DetailViewController.h; path = Shared/DetailViewController.h; sourceTree = "<group>"; };
		8CD8D58618688CDA0021E803 /* DetailViewController.m */ = {isa = PBXFileReference; fileEncoding = 4; lastKnownFileType = sourcecode.c.objc; name = DetailViewController.m; path = Shared/DetailViewController.m; sourceTree = "<group>"; };
		8CD8D588186894DC0021E803 /* DetailView_iPhone.xib */ = {isa = PBXFileReference; fileEncoding = 4; lastKnownFileType = file.xib; path = DetailView_iPhone.xib; sourceTree = "<group>"; };
		8CD91C1D17C2531400EC1B94 /* Icon StockList Demo 76x76.png */ = {isa = PBXFileReference; lastKnownFileType = image.png; path = "Icon StockList Demo 76x76.png"; sourceTree = "<group>"; };
		8CD91C1E17C2531400EC1B94 /* Icon StockList Demo 120x120.png */ = {isa = PBXFileReference; lastKnownFileType = image.png; path = "Icon StockList Demo 120x120.png"; sourceTree = "<group>"; };
		8CD91C1F17C2531400EC1B94 /* Icon StockList Demo 152x152.png */ = {isa = PBXFileReference; lastKnownFileType = image.png; path = "Icon StockList Demo 152x152.png"; sourceTree = "<group>"; };
		8CED185D132FD2FD00F92DFE /* StatusViewController.h */ = {isa = PBXFileReference; fileEncoding = 4; lastKnownFileType = sourcecode.c.h; name = StatusViewController.h; path = Shared/StatusViewController.h; sourceTree = "<group>"; };
		8CED185E132FD2FF00F92DFE /* StatusViewController.m */ = {isa = PBXFileReference; fileEncoding = 4; lastKnownFileType = sourcecode.c.objc; name = StatusViewController.m; path = Shared/StatusViewController.m; sourceTree = "<group>"; };
		8CED1860132FD32300F92DFE /* StatusView.h */ = {isa = PBXFileReference; fileEncoding = 4; lastKnownFileType = sourcecode.c.h; name = StatusView.h; path = Shared/StatusView.h; sourceTree = "<group>"; };
		8CED1861132FD32500F92DFE /* StatusView.m */ = {isa = PBXFileReference; fileEncoding = 4; lastKnownFileType = sourcecode.c.objc; name = StatusView.m; path = Shared/StatusView.m; sourceTree = "<group>"; };
		8CFDB3D0189284CD009D8BD1 /* Icon_connecting.png */ = {isa = PBXFileReference; lastKnownFileType = image.png; path = Icon_connecting.png; sourceTree = "<group>"; };
		8CFDB3D1189284CD009D8BD1 /* Icon_connecting@2x.png */ = {isa = PBXFileReference; lastKnownFileType = image.png; path = "Icon_connecting@2x.png"; sourceTree = "<group>"; };
		8D1107310486CEB800E47090 /* StockList_Demo_for_iOS-Info.plist */ = {isa = PBXFileReference; fileEncoding = 4; lastKnownFileType = text.plist.xml; path = "StockList_Demo_for_iOS-Info.plist"; plistStructureDefinitionIdentifier = "com.apple.xcode.plist.structure-definition.iphone.info-plist"; sourceTree = "<group>"; };
		EF6A5A93D6209BD6CA3DAC51 /* libPods-StockList Demo for iOS.a */ = {isa = PBXFileReference; explicitFileType = archive.ar; includeInIndex = 0; path = "libPods-StockList Demo for iOS.a"; sourceTree = BUILT_PRODUCTS_DIR; };
/* End PBXFileReference section */

/* Begin PBXFrameworksBuildPhase section */
		1D60588F0D05DD3D006BFB54 /* Frameworks */ = {
			isa = PBXFrameworksBuildPhase;
			buildActionMask = 2147483647;
			files = (
				8C6632251B6FC73500D9A191 /* libz.dylib in Frameworks */,
				8C6632231B6FC73000D9A191 /* libicucore.dylib in Frameworks */,
				8C6632211B6FC72200D9A191 /* libjre_emul.a in Frameworks */,
				8C17AE6A18C78DFA00363347 /* libLightstreamer_iOS_client_64.a in Frameworks */,
				8C660151186DB6D1008DB46F /* CoreText.framework in Frameworks */,
				8C8616301610BDBE00D6F55F /* Security.framework in Frameworks */,
				1D60589F0D05DD5A006BFB54 /* Foundation.framework in Frameworks */,
				1DF5F4E00D08C38300B7A737 /* UIKit.framework in Frameworks */,
				288765FD0DF74451002DB57D /* CoreGraphics.framework in Frameworks */,
				2247461C680883B30BF6FDD0 /* libPods-StockList Demo for iOS.a in Frameworks */,
			);
			runOnlyForDeploymentPostprocessing = 0;
		};
/* End PBXFrameworksBuildPhase section */

/* Begin PBXGroup section */
		19C28FACFE9D520D11CA2CBB /* Products */ = {
			isa = PBXGroup;
			children = (
				1D6058910D05DD3D006BFB54 /* Lightstreamer StockList.app */,
			);
			name = Products;
			sourceTree = "<group>";
		};
		2860E324111B887F00E27156 /* iPhone */ = {
			isa = PBXGroup;
			children = (
				2860E325111B887F00E27156 /* AppDelegate_iPhone.h */,
				2860E326111B887F00E27156 /* AppDelegate_iPhone.m */,
				2860E327111B887F00E27156 /* MainWindow_iPhone.xib */,
				8CD113AF12A01E600047C173 /* StockListView_iPhone.xib */,
				8CD113CF12A025F90047C173 /* StockListCell_iPhone.xib */,
				8CA3C25C17C3A747005598B5 /* StockListSection_iPhone.xib */,
				8CD8D588186894DC0021E803 /* DetailView_iPhone.xib */,
				8CA3C25E17C3A77F005598B5 /* InfoView_iPhone.xib */,
				8CA3C26017C3A78C005598B5 /* StatusView_iPhone.xib */,
			);
			path = iPhone;
			sourceTree = "<group>";
		};
		2860E32A111B888700E27156 /* iPad */ = {
			isa = PBXGroup;
			children = (
				2860E32B111B888700E27156 /* AppDelegate_iPad.h */,
				2860E32C111B888700E27156 /* AppDelegate_iPad.m */,
				2860E32D111B888700E27156 /* MainWindow_iPad.xib */,
				8CD113AC12A01DFC0047C173 /* StockListView_iPad.xib */,
				8CD113C912A021DD0047C173 /* StockListCell_iPad.xib */,
				8CD113CC12A023640047C173 /* StockListSection_iPad.xib */,
				8CD8D58018688B910021E803 /* DetailView_iPad.xib */,
				8CA3C26417C3A92B005598B5 /* InfoView_iPad.xib */,
				8CA3C26617C3A937005598B5 /* StatusView_iPad.xib */,
			);
			path = iPad;
			sourceTree = "<group>";
		};
		28EEBF621118D79A00187D67 /* Shared */ = {
			isa = PBXGroup;
			children = (
				8C7518E018757A2700CB61D5 /* StockListAppDelegate.h */,
				8CD113B212A01EEE0047C173 /* StockListViewController.h */,
				8CD113B312A01EEE0047C173 /* StockListViewController.m */,
				8CD113B512A01F0D0047C173 /* StockListView.h */,
				8CD113B612A01F0D0047C173 /* StockListView.m */,
				8CD1140D12A02B8F0047C173 /* StockListCell.h */,
				8CD1140E12A02B8F0047C173 /* StockListCell.m */,
				8CD8D58518688CDA0021E803 /* DetailViewController.h */,
				8CD8D58618688CDA0021E803 /* DetailViewController.m */,
				8CD8D58218688CC40021E803 /* DetailView.h */,
				8CD8D58318688CC40021E803 /* DetailView.m */,
				8C66014D186D90F0008DB46F /* ChartViewController.h */,
				8C66014E186D90F0008DB46F /* ChartViewController.m */,
				8C66014A186D90D7008DB46F /* ChartView.h */,
				8C66014B186D90D7008DB46F /* ChartView.m */,
				8C7A1A2E12E4AF770019C2A7 /* InfoViewController.h */,
				8C7A1A2F12E4AF770019C2A7 /* InfoViewController.m */,
				8C7A1A3412E4AF8D0019C2A7 /* InfoView.h */,
				8C7A1A3512E4AF8D0019C2A7 /* InfoView.m */,
				8CED185D132FD2FD00F92DFE /* StatusViewController.h */,
				8CED185E132FD2FF00F92DFE /* StatusViewController.m */,
				8CED1860132FD32300F92DFE /* StatusView.h */,
				8CED1861132FD32500F92DFE /* StatusView.m */,
				8C00FE621884390B009A4F34 /* Connector.h */,
				8C00FE631884390B009A4F34 /* Connector.m */,
				8C2F040D1869D90500012B38 /* SpecialEffects.h */,
				8C2F040E1869D90500012B38 /* SpecialEffects.m */,
				8CD113B812A021000047C173 /* Constants.h */,
				29B97316FDCFA39411CA2CEA /* main.m */,
				8C1DC8A912AD3B960028E44A /* Graphics */,
				8C7518E21875BBA700CB61D5 /* UIAlertView+BlockExtensions.h */,
				8C7518E31875BBA700CB61D5 /* UIAlertView+BlockExtensions.m */,
			);
			name = Shared;
			sourceTree = "<group>";
		};
		29B97314FDCFA39411CA2CEA /* CustomTemplate */ = {
			isa = PBXGroup;
			children = (
				2860E32A111B888700E27156 /* iPad */,
				2860E324111B887F00E27156 /* iPhone */,
				28EEBF621118D79A00187D67 /* Shared */,
				29B97315FDCFA39411CA2CEA /* Other Resources */,
				29B97323FDCFA39411CA2CEA /* Frameworks */,
				19C28FACFE9D520D11CA2CBB /* Products */,
				57F1CBAA97C793FFEAAEC641 /* Pods */,
			);
			name = CustomTemplate;
			sourceTree = "<group>";
		};
		29B97315FDCFA39411CA2CEA /* Other Resources */ = {
			isa = PBXGroup;
			children = (
				8C50BEC5166505BF004595E4 /* Default-Landscape@2x~ipad.png */,
				8C50BEC3166505BC004595E4 /* Default-Landscape~ipad.png */,
				8C50BEC1166505B6004595E4 /* Default-Portrait@2x~ipad.png */,
				8C50BEBF166505AB004595E4 /* Default-Portrait~ipad.png */,
				8C50BEBD1665059E004595E4 /* Default-568h@2x.png */,
				8C50BEBB1665059B004595E4 /* Default@2x.png */,
				8C50BEB916650593004595E4 /* Default.png */,
				8CD91C1D17C2531400EC1B94 /* Icon StockList Demo 76x76.png */,
				8CD91C1E17C2531400EC1B94 /* Icon StockList Demo 120x120.png */,
				8CD91C1F17C2531400EC1B94 /* Icon StockList Demo 152x152.png */,
				8D1107310486CEB800E47090 /* StockList_Demo_for_iOS-Info.plist */,
				32CA4F630368D1EE00C91783 /* StockList_Demo_for_iOS_Prefix.pch */,
			);
			name = "Other Resources";
			sourceTree = "<group>";
		};
		29B97323FDCFA39411CA2CEA /* Frameworks */ = {
			isa = PBXGroup;
			children = (
				8C6632241B6FC73500D9A191 /* libz.dylib */,
				8C6632221B6FC73000D9A191 /* libicucore.dylib */,
				8C6632201B6FC72200D9A191 /* libjre_emul.a */,
				8CD8D57E186879690021E803 /* libLightstreamer_iOS_client_64.a */,
				8C660150186DB6D1008DB46F /* CoreText.framework */,
				8C86162F1610BDBE00D6F55F /* Security.framework */,
				8CC6A4801524C7F7003FB6C0 /* SystemConfiguration.framework */,
				1DF5F4DF0D08C38300B7A737 /* UIKit.framework */,
				1D30AB110D05D00D00671497 /* Foundation.framework */,
				288765FC0DF74451002DB57D /* CoreGraphics.framework */,
				EF6A5A93D6209BD6CA3DAC51 /* libPods-StockList Demo for iOS.a */,
			);
			name = Frameworks;
			sourceTree = "<group>";
		};
		57F1CBAA97C793FFEAAEC641 /* Pods */ = {
			isa = PBXGroup;
			children = (
				03DEDB1AE2F1BC4DCD2B6337 /* Pods-StockList Demo for iOS.debug.xcconfig */,
				5A3F7A84BBBB949BE437FF66 /* Pods-StockList Demo for iOS.release.xcconfig */,
			);
			name = Pods;
			sourceTree = "<group>";
		};
		8C1DC8A912AD3B960028E44A /* Graphics */ = {
			isa = PBXGroup;
			children = (
				8CFDB3D0189284CD009D8BD1 /* Icon_connecting.png */,
				8CFDB3D1189284CD009D8BD1 /* Icon_connecting@2x.png */,
				8C9C99C817C3C1790008BA3E /* Icon_disconnected.png */,
				8C9C99C917C3C1790008BA3E /* Icon_disconnected@2x.png */,
				8C9C99CA17C3C1790008BA3E /* Icon_polling.png */,
				8C9C99CB17C3C1790008BA3E /* Icon_polling@2x.png */,
				8C9C99CC17C3C1790008BA3E /* Icon_stalled.png */,
				8C9C99CD17C3C1790008BA3E /* Icon_stalled@2x.png */,
				8C9C99CE17C3C1790008BA3E /* Icon_streaming.png */,
				8C9C99CF17C3C1790008BA3E /* Icon_streaming@2x.png */,
				8C50BEE516650DFD004595E4 /* Arrow-down@2x.png */,
				8C50BEE616650DFD004595E4 /* Arrow-up@2x.png */,
				8C50BEC7166507DF004595E4 /* Arrow-down.png */,
				8C50BEC8166507DF004595E4 /* Arrow-up.png */,
				8C50BED1166507DF004595E4 /* Info.png */,
				8C50BED2166507DF004595E4 /* Info@2x.png */,
				8C50BED3166507DF004595E4 /* Lightstreamer.png */,
			);
			name = Graphics;
			path = Shared/Graphics;
			sourceTree = "<group>";
		};
/* End PBXGroup section */

/* Begin PBXNativeTarget section */
		1D6058900D05DD3D006BFB54 /* StockList Demo for iOS */ = {
			isa = PBXNativeTarget;
			buildConfigurationList = 1D6058960D05DD3E006BFB54 /* Build configuration list for PBXNativeTarget "StockList Demo for iOS" */;
			buildPhases = (
				860BA4A4A78AB08337386F7E /* Check Pods Manifest.lock */,
				1D60588D0D05DD3D006BFB54 /* Resources */,
				1D60588E0D05DD3D006BFB54 /* Sources */,
				1D60588F0D05DD3D006BFB54 /* Frameworks */,
				A9E30C0A24D0384DD44C9248 /* Copy Pods Resources */,
			);
			buildRules = (
			);
			dependencies = (
			);
			name = "StockList Demo for iOS";
			productName = "StockList Demo for iOS";
			productReference = 1D6058910D05DD3D006BFB54 /* Lightstreamer StockList.app */;
			productType = "com.apple.product-type.application";
		};
/* End PBXNativeTarget section */

/* Begin PBXProject section */
		29B97313FDCFA39411CA2CEA /* Project object */ = {
			isa = PBXProject;
			attributes = {
				LastUpgradeCheck = 0700;
				ORGANIZATIONNAME = "Weswit srl";
				TargetAttributes = {
					1D6058900D05DD3D006BFB54 = {
						DevelopmentTeam = 7PGFJN8WH5;
					};
				};
			};
			buildConfigurationList = C01FCF4E08A954540054247B /* Build configuration list for PBXProject "StockList Demo for iOS" */;
			compatibilityVersion = "Xcode 3.2";
			developmentRegion = English;
			hasScannedForEncodings = 1;
			knownRegions = (
				English,
				Japanese,
				French,
				German,
			);
			mainGroup = 29B97314FDCFA39411CA2CEA /* CustomTemplate */;
			projectDirPath = "";
			projectRoot = "";
			targets = (
				1D6058900D05DD3D006BFB54 /* StockList Demo for iOS */,
			);
		};
/* End PBXProject section */

/* Begin PBXResourcesBuildPhase section */
		1D60588D0D05DD3D006BFB54 /* Resources */ = {
			isa = PBXResourcesBuildPhase;
			buildActionMask = 2147483647;
			files = (
				8C3DC94A17EB273B0006C18D /* Icon StockList Demo 76x76.png in Resources */,
				8C3DC94C17EB273B0006C18D /* Icon StockList Demo 152x152.png in Resources */,
				8C3DC94B17EB273B0006C18D /* Icon StockList Demo 120x120.png in Resources */,
				2860E329111B887F00E27156 /* MainWindow_iPhone.xib in Resources */,
				2860E32F111B888700E27156 /* MainWindow_iPad.xib in Resources */,
				8CD113AD12A01DFC0047C173 /* StockListView_iPad.xib in Resources */,
				8CD113B012A01E600047C173 /* StockListView_iPhone.xib in Resources */,
				8C9C99D717C3C4A10008BA3E /* Icon_streaming@2x.png in Resources */,
				8CD113CA12A021DD0047C173 /* StockListCell_iPad.xib in Resources */,
				8CD113CD12A023640047C173 /* StockListSection_iPad.xib in Resources */,
				8CD113D012A025F90047C173 /* StockListCell_iPhone.xib in Resources */,
				8CA3C25D17C3A747005598B5 /* StockListSection_iPhone.xib in Resources */,
				8C9C99D317C3C4A10008BA3E /* Icon_polling@2x.png in Resources */,
				8CA3C26717C3A937005598B5 /* StatusView_iPad.xib in Resources */,
				8CA3C26117C3A78C005598B5 /* StatusView_iPhone.xib in Resources */,
				8C9C99D517C3C4A10008BA3E /* Icon_stalled@2x.png in Resources */,
				8C9C99D617C3C4A10008BA3E /* Icon_streaming.png in Resources */,
				8C50BEBA16650594004595E4 /* Default.png in Resources */,
				8C50BEBC1665059B004595E4 /* Default@2x.png in Resources */,
				8CA3C25F17C3A77F005598B5 /* InfoView_iPhone.xib in Resources */,
				8C50BEBE1665059E004595E4 /* Default-568h@2x.png in Resources */,
				8C50BEC0166505AB004595E4 /* Default-Portrait~ipad.png in Resources */,
				8CFDB3D2189284CD009D8BD1 /* Icon_connecting.png in Resources */,
				8CA3C26517C3A92B005598B5 /* InfoView_iPad.xib in Resources */,
				8CD8D58118688B910021E803 /* DetailView_iPad.xib in Resources */,
				8C50BEC2166505B6004595E4 /* Default-Portrait@2x~ipad.png in Resources */,
				8C50BEC4166505BC004595E4 /* Default-Landscape~ipad.png in Resources */,
				8C50BEC6166505BF004595E4 /* Default-Landscape@2x~ipad.png in Resources */,
				8C50BED4166507DF004595E4 /* Arrow-down.png in Resources */,
				8C50BED5166507DF004595E4 /* Arrow-up.png in Resources */,
				8C9C99D017C3C4A10008BA3E /* Icon_disconnected.png in Resources */,
				8C50BEDE166507DF004595E4 /* Info.png in Resources */,
				8C50BEDF166507DF004595E4 /* Info@2x.png in Resources */,
				8CFDB3D3189284CD009D8BD1 /* Icon_connecting@2x.png in Resources */,
				8C50BEE0166507DF004595E4 /* Lightstreamer.png in Resources */,
				8CD8D589186894DC0021E803 /* DetailView_iPhone.xib in Resources */,
				8C50BEE716650DFD004595E4 /* Arrow-down@2x.png in Resources */,
				8C9C99D117C3C4A10008BA3E /* Icon_disconnected@2x.png in Resources */,
				8C9C99D417C3C4A10008BA3E /* Icon_stalled.png in Resources */,
				8C9C99D217C3C4A10008BA3E /* Icon_polling.png in Resources */,
				8C50BEE816650DFD004595E4 /* Arrow-up@2x.png in Resources */,
			);
			runOnlyForDeploymentPostprocessing = 0;
		};
/* End PBXResourcesBuildPhase section */

/* Begin PBXShellScriptBuildPhase section */
		860BA4A4A78AB08337386F7E /* Check Pods Manifest.lock */ = {
			isa = PBXShellScriptBuildPhase;
			buildActionMask = 2147483647;
			files = (
			);
			inputPaths = (
			);
			name = "Check Pods Manifest.lock";
			outputPaths = (
			);
			runOnlyForDeploymentPostprocessing = 0;
			shellPath = /bin/sh;
			shellScript = "diff \"${PODS_ROOT}/../Podfile.lock\" \"${PODS_ROOT}/Manifest.lock\" > /dev/null\nif [[ $? != 0 ]] ; then\n    cat << EOM\nerror: The sandbox is not in sync with the Podfile.lock. Run 'pod install' or update your CocoaPods installation.\nEOM\n    exit 1\nfi\n";
			showEnvVarsInLog = 0;
		};
		A9E30C0A24D0384DD44C9248 /* Copy Pods Resources */ = {
			isa = PBXShellScriptBuildPhase;
			buildActionMask = 2147483647;
			files = (
			);
			inputPaths = (
			);
			name = "Copy Pods Resources";
			outputPaths = (
			);
			runOnlyForDeploymentPostprocessing = 0;
			shellPath = /bin/sh;
			shellScript = "\"${SRCROOT}/Pods/Target Support Files/Pods-StockList Demo for iOS/Pods-StockList Demo for iOS-resources.sh\"\n";
			showEnvVarsInLog = 0;
		};
/* End PBXShellScriptBuildPhase section */

/* Begin PBXSourcesBuildPhase section */
		1D60588E0D05DD3D006BFB54 /* Sources */ = {
			isa = PBXSourcesBuildPhase;
			buildActionMask = 2147483647;
			files = (
				1D60589B0D05DD56006BFB54 /* main.m in Sources */,
				2860E328111B887F00E27156 /* AppDelegate_iPhone.m in Sources */,
				2860E32E111B888700E27156 /* AppDelegate_iPad.m in Sources */,
				8C66014C186D90D7008DB46F /* ChartView.m in Sources */,
				8CD113B412A01EEE0047C173 /* StockListViewController.m in Sources */,
				8CD113B712A01F0D0047C173 /* StockListView.m in Sources */,
				8CD1140F12A02B8F0047C173 /* StockListCell.m in Sources */,
				8C00FE641884390B009A4F34 /* Connector.m in Sources */,
				8C2F040F1869D90500012B38 /* SpecialEffects.m in Sources */,
				8C7A1A3012E4AF770019C2A7 /* InfoViewController.m in Sources */,
				8C7A1A3612E4AF8D0019C2A7 /* InfoView.m in Sources */,
				8C66014F186D90F0008DB46F /* ChartViewController.m in Sources */,
				8CED185F132FD30100F92DFE /* StatusViewController.m in Sources */,
				8CD8D58418688CC40021E803 /* DetailView.m in Sources */,
				8CED1862132FD32900F92DFE /* StatusView.m in Sources */,
				8CD8D58718688CDA0021E803 /* DetailViewController.m in Sources */,
				8C7518E41875BBA700CB61D5 /* UIAlertView+BlockExtensions.m in Sources */,
			);
			runOnlyForDeploymentPostprocessing = 0;
		};
/* End PBXSourcesBuildPhase section */

/* Begin XCBuildConfiguration section */
		1D6058940D05DD3E006BFB54 /* Debug */ = {
			isa = XCBuildConfiguration;
			baseConfigurationReference = 03DEDB1AE2F1BC4DCD2B6337 /* Pods-StockList Demo for iOS.debug.xcconfig */;
			buildSettings = {
				ALWAYS_SEARCH_USER_PATHS = NO;
				CLANG_ENABLE_OBJC_ARC = YES;
				CODE_SIGN_IDENTITY = "iPhone Developer";
				"CODE_SIGN_IDENTITY[sdk=iphoneos*]" = "iPhone Developer";
				COPY_PHASE_STRIP = NO;
				GCC_DYNAMIC_NO_PIC = NO;
				GCC_OPTIMIZATION_LEVEL = 0;
				GCC_PRECOMPILE_PREFIX_HEADER = YES;
				GCC_PREFIX_HEADER = StockList_Demo_for_iOS_Prefix.pch;
				GCC_THUMB_SUPPORT = NO;
				INFOPLIST_FILE = "StockList_Demo_for_iOS-Info.plist";
				IPHONEOS_DEPLOYMENT_TARGET = 7.0;
				PRODUCT_BUNDLE_IDENTIFIER = com.lightstreamer.ios.stocklist.nompn;
				PROVISIONING_PROFILE = "";
				"PROVISIONING_PROFILE[sdk=iphoneos*]" = "";
			};
			name = Debug;
		};
		1D6058950D05DD3E006BFB54 /* Release */ = {
			isa = XCBuildConfiguration;
			baseConfigurationReference = 5A3F7A84BBBB949BE437FF66 /* Pods-StockList Demo for iOS.release.xcconfig */;
			buildSettings = {
				ALWAYS_SEARCH_USER_PATHS = NO;
				CLANG_ENABLE_OBJC_ARC = YES;
				CODE_SIGN_IDENTITY = "iPhone Developer";
				"CODE_SIGN_IDENTITY[sdk=iphoneos*]" = "iPhone Developer";
				COPY_PHASE_STRIP = YES;
				GCC_PRECOMPILE_PREFIX_HEADER = YES;
				GCC_PREFIX_HEADER = StockList_Demo_for_iOS_Prefix.pch;
				GCC_THUMB_SUPPORT = NO;
				INFOPLIST_FILE = "StockList_Demo_for_iOS-Info.plist";
				IPHONEOS_DEPLOYMENT_TARGET = 7.0;
				PRODUCT_BUNDLE_IDENTIFIER = com.lightstreamer.ios.stocklist.nompn;
				PROVISIONING_PROFILE = "";
				"PROVISIONING_PROFILE[sdk=iphoneos*]" = "d163ffe3-2558-467d-bcd3-6c9b861733ea";
				VALIDATE_PRODUCT = YES;
			};
			name = Release;
		};
		C01FCF4F08A954540054247B /* Debug */ = {
			isa = XCBuildConfiguration;
			buildSettings = {
				ENABLE_TESTABILITY = YES;
				GCC_C_LANGUAGE_STANDARD = c99;
				GCC_WARN_ABOUT_RETURN_TYPE = YES;
				GCC_WARN_UNUSED_VARIABLE = YES;
				IPHONEOS_DEPLOYMENT_TARGET = 7.0;
				ONLY_ACTIVE_ARCH = YES;
				PRODUCT_NAME = "Lightstreamer StockList";
				SDKROOT = iphoneos;
				TARGETED_DEVICE_FAMILY = "1,2";
			};
			name = Debug;
		};
		C01FCF5008A954540054247B /* Release */ = {
			isa = XCBuildConfiguration;
			buildSettings = {
				GCC_C_LANGUAGE_STANDARD = c99;
				GCC_WARN_ABOUT_RETURN_TYPE = YES;
				GCC_WARN_UNUSED_VARIABLE = YES;
				IPHONEOS_DEPLOYMENT_TARGET = 7.0;
				OTHER_CFLAGS = "-DNS_BLOCK_ASSERTIONS=1";
				PRODUCT_NAME = "Lightstreamer StockList";
				SDKROOT = iphoneos;
				TARGETED_DEVICE_FAMILY = "1,2";
			};
			name = Release;
		};
/* End XCBuildConfiguration section */

/* Begin XCConfigurationList section */
		1D6058960D05DD3E006BFB54 /* Build configuration list for PBXNativeTarget "StockList Demo for iOS" */ = {
			isa = XCConfigurationList;
			buildConfigurations = (
				1D6058940D05DD3E006BFB54 /* Debug */,
				1D6058950D05DD3E006BFB54 /* Release */,
			);
			defaultConfigurationIsVisible = 0;
			defaultConfigurationName = Release;
		};
		C01FCF4E08A954540054247B /* Build configuration list for PBXProject "StockList Demo for iOS" */ = {
			isa = XCConfigurationList;
			buildConfigurations = (
				C01FCF4F08A954540054247B /* Debug */,
				C01FCF5008A954540054247B /* Release */,
			);
			defaultConfigurationIsVisible = 0;
			defaultConfigurationName = Release;
		};
/* End XCConfigurationList section */
	};
	rootObject = 29B97313FDCFA39411CA2CEA /* Project object */;
}
