// !$*UTF8*$!
{
	archiveVersion = 1;
	classes = {
	};
	objectVersion = 54;
	objects = {

/* Begin PBXBuildFile section */
		1D60589F0D05DD5A006BFB54 /* Foundation.framework in Frameworks */ = {isa = PBXBuildFile; fileRef = 1D30AB110D05D00D00671497 /* Foundation.framework */; };
		1DF5F4E00D08C38300B7A737 /* UIKit.framework in Frameworks */ = {isa = PBXBuildFile; fileRef = 1DF5F4DF0D08C38300B7A737 /* UIKit.framework */; };
		2860E329111B887F00E27156 /* MainWindow_iPhone.xib in Resources */ = {isa = PBXBuildFile; fileRef = 2860E327111B887F00E27156 /* MainWindow_iPhone.xib */; };
		2860E32F111B888700E27156 /* MainWindow_iPad.xib in Resources */ = {isa = PBXBuildFile; fileRef = 2860E32D111B888700E27156 /* MainWindow_iPad.xib */; };
		288765FD0DF74451002DB57D /* CoreGraphics.framework in Frameworks */ = {isa = PBXBuildFile; fileRef = 288765FC0DF74451002DB57D /* CoreGraphics.framework */; };
		578EFEAD26F4740D003207E3 /* ExtensionDelegate.swift in Sources */ = {isa = PBXBuildFile; fileRef = 578EFEA926F4740D003207E3 /* ExtensionDelegate.swift */; };
		578EFEAE26F4740D003207E3 /* WatchSpecialEffects.swift in Sources */ = {isa = PBXBuildFile; fileRef = 578EFEAA26F4740D003207E3 /* WatchSpecialEffects.swift */; };
		578EFEB026F4740D003207E3 /* InterfaceController.swift in Sources */ = {isa = PBXBuildFile; fileRef = 578EFEAC26F4740D003207E3 /* InterfaceController.swift */; };
		578EFEB226F47BCA003207E3 /* AppDelegate_iPad.swift in Sources */ = {isa = PBXBuildFile; fileRef = 578EFEB126F47BCA003207E3 /* AppDelegate_iPad.swift */; };
		578EFEB426F47BE4003207E3 /* AppDelegate_iPhone.swift in Sources */ = {isa = PBXBuildFile; fileRef = 578EFEB326F47BE4003207E3 /* AppDelegate_iPhone.swift */; };
		578EFEC526F47CAC003207E3 /* StockListAppDelegate.swift in Sources */ = {isa = PBXBuildFile; fileRef = 578EFEB526F47CAB003207E3 /* StockListAppDelegate.swift */; };
		578EFEC626F47CAC003207E3 /* StockListViewController.swift in Sources */ = {isa = PBXBuildFile; fileRef = 578EFEB626F47CAB003207E3 /* StockListViewController.swift */; };
		578EFEC726F47CAC003207E3 /* StockListView.swift in Sources */ = {isa = PBXBuildFile; fileRef = 578EFEB726F47CAB003207E3 /* StockListView.swift */; };
		578EFEC826F47CAC003207E3 /* ChartView.swift in Sources */ = {isa = PBXBuildFile; fileRef = 578EFEB826F47CAB003207E3 /* ChartView.swift */; };
		578EFEC926F47CAC003207E3 /* DetailView.swift in Sources */ = {isa = PBXBuildFile; fileRef = 578EFEB926F47CAC003207E3 /* DetailView.swift */; };
		578EFECA26F47CAC003207E3 /* DetailViewController.swift in Sources */ = {isa = PBXBuildFile; fileRef = 578EFEBA26F47CAC003207E3 /* DetailViewController.swift */; };
		578EFECB26F47CAC003207E3 /* Connector.swift in Sources */ = {isa = PBXBuildFile; fileRef = 578EFEBB26F47CAC003207E3 /* Connector.swift */; };
		578EFECC26F47CAC003207E3 /* InfoView.swift in Sources */ = {isa = PBXBuildFile; fileRef = 578EFEBC26F47CAC003207E3 /* InfoView.swift */; };
		578EFECD26F47CAC003207E3 /* ChartViewController.swift in Sources */ = {isa = PBXBuildFile; fileRef = 578EFEBD26F47CAC003207E3 /* ChartViewController.swift */; };
		578EFECE26F47CAC003207E3 /* StatusView.swift in Sources */ = {isa = PBXBuildFile; fileRef = 578EFEBE26F47CAC003207E3 /* StatusView.swift */; };
		578EFECF26F47CAC003207E3 /* StatusViewController.swift in Sources */ = {isa = PBXBuildFile; fileRef = 578EFEBF26F47CAC003207E3 /* StatusViewController.swift */; };
		578EFED026F47CAC003207E3 /* InfoViewController.swift in Sources */ = {isa = PBXBuildFile; fileRef = 578EFEC026F47CAC003207E3 /* InfoViewController.swift */; };
		578EFED126F47CAC003207E3 /* main.swift in Sources */ = {isa = PBXBuildFile; fileRef = 578EFEC126F47CAC003207E3 /* main.swift */; };
		578EFED226F47CAC003207E3 /* Constants.swift in Sources */ = {isa = PBXBuildFile; fileRef = 578EFEC226F47CAC003207E3 /* Constants.swift */; };
		578EFED326F47CAC003207E3 /* StockListCell.swift in Sources */ = {isa = PBXBuildFile; fileRef = 578EFEC326F47CAC003207E3 /* StockListCell.swift */; };
		578EFED426F47CAC003207E3 /* SpecialEffects.swift in Sources */ = {isa = PBXBuildFile; fileRef = 578EFEC426F47CAC003207E3 /* SpecialEffects.swift */; };
		578EFED526F47CC8003207E3 /* Connector.swift in Sources */ = {isa = PBXBuildFile; fileRef = 578EFEBB26F47CAC003207E3 /* Connector.swift */; };
		578EFED826F47F08003207E3 /* LightstreamerClient in Frameworks */ = {isa = PBXBuildFile; productRef = 578EFED726F47F08003207E3 /* LightstreamerClient */; };
		578EFEDA26F47F14003207E3 /* LightstreamerClient in Frameworks */ = {isa = PBXBuildFile; productRef = 578EFED926F47F14003207E3 /* LightstreamerClient */; };
		578EFEDB26F481D3003207E3 /* Constants.swift in Sources */ = {isa = PBXBuildFile; fileRef = 578EFEC226F47CAC003207E3 /* Constants.swift */; };
		6868437AAE6C7CC6597D3629 /* StockWatch_Demo_for_watchOS_Prefix.swift in Sources */ = {isa = PBXBuildFile; fileRef = 06F44F71930ACC903B25E747 /* StockWatch_Demo_for_watchOS_Prefix.swift */; };
		8C2E353D1FFD321300D6020F /* Media.xcassets in Resources */ = {isa = PBXBuildFile; fileRef = 8C2E353C1FFD321300D6020F /* Media.xcassets */; };
		8C660151186DB6D1008DB46F /* CoreText.framework in Frameworks */ = {isa = PBXBuildFile; fileRef = 8C660150186DB6D1008DB46F /* CoreText.framework */; };
		8C7815011FFBEC9200DEB287 /* LaunchScreen.xib in Resources */ = {isa = PBXBuildFile; fileRef = 8C7815001FFBEC9200DEB287 /* LaunchScreen.xib */; };
		8CA3C25D17C3A747005598B5 /* StockListSection_iPhone.xib in Resources */ = {isa = PBXBuildFile; fileRef = 8CA3C25C17C3A747005598B5 /* StockListSection_iPhone.xib */; };
		8CA3C25F17C3A77F005598B5 /* InfoView_iPhone.xib in Resources */ = {isa = PBXBuildFile; fileRef = 8CA3C25E17C3A77F005598B5 /* InfoView_iPhone.xib */; };
		8CA3C26117C3A78C005598B5 /* StatusView_iPhone.xib in Resources */ = {isa = PBXBuildFile; fileRef = 8CA3C26017C3A78C005598B5 /* StatusView_iPhone.xib */; };
		8CA3C26517C3A92B005598B5 /* InfoView_iPad.xib in Resources */ = {isa = PBXBuildFile; fileRef = 8CA3C26417C3A92B005598B5 /* InfoView_iPad.xib */; };
		8CA3C26717C3A937005598B5 /* StatusView_iPad.xib in Resources */ = {isa = PBXBuildFile; fileRef = 8CA3C26617C3A937005598B5 /* StatusView_iPad.xib */; };
		8CB7600F203471820099AA49 /* Interface.storyboard in Resources */ = {isa = PBXBuildFile; fileRef = 8CB7600D203471820099AA49 /* Interface.storyboard */; };
		8CB76011203471820099AA49 /* Assets.xcassets in Resources */ = {isa = PBXBuildFile; fileRef = 8CB76010203471820099AA49 /* Assets.xcassets */; };
		8CB76018203471820099AA49 /* StockWatch Extension.appex in Embed App Extensions */ = {isa = PBXBuildFile; fileRef = 8CB76017203471820099AA49 /* StockWatch Extension.appex */; settings = {ATTRIBUTES = (RemoveHeadersOnCopy, ); }; };
		8CB76023203471820099AA49 /* Assets.xcassets in Resources */ = {isa = PBXBuildFile; fileRef = 8CB76022203471820099AA49 /* Assets.xcassets */; };
		8CB76028203471820099AA49 /* StockWatch.app in Embed Watch Content */ = {isa = PBXBuildFile; fileRef = 8CB7600B203471810099AA49 /* StockWatch.app */; };
		8CD113AD12A01DFC0047C173 /* StockListView_iPad.xib in Resources */ = {isa = PBXBuildFile; fileRef = 8CD113AC12A01DFC0047C173 /* StockListView_iPad.xib */; };
		8CD113B012A01E600047C173 /* StockListView_iPhone.xib in Resources */ = {isa = PBXBuildFile; fileRef = 8CD113AF12A01E600047C173 /* StockListView_iPhone.xib */; };
		8CD113CA12A021DD0047C173 /* StockListCell_iPad.xib in Resources */ = {isa = PBXBuildFile; fileRef = 8CD113C912A021DD0047C173 /* StockListCell_iPad.xib */; };
		8CD113CD12A023640047C173 /* StockListSection_iPad.xib in Resources */ = {isa = PBXBuildFile; fileRef = 8CD113CC12A023640047C173 /* StockListSection_iPad.xib */; };
		8CD113D012A025F90047C173 /* StockListCell_iPhone.xib in Resources */ = {isa = PBXBuildFile; fileRef = 8CD113CF12A025F90047C173 /* StockListCell_iPhone.xib */; };
		8CD8D58118688B910021E803 /* DetailView_iPad.xib in Resources */ = {isa = PBXBuildFile; fileRef = 8CD8D58018688B910021E803 /* DetailView_iPad.xib */; };
		8CD8D589186894DC0021E803 /* DetailView_iPhone.xib in Resources */ = {isa = PBXBuildFile; fileRef = 8CD8D588186894DC0021E803 /* DetailView_iPhone.xib */; };
		B4924DB69ADB9A8828DFB9A9 /* StockList_Demo_for_iOS_Prefix.swift in Sources */ = {isa = PBXBuildFile; fileRef = 585D4095ADE52EC38056F91B /* StockList_Demo_for_iOS_Prefix.swift */; };
/* End PBXBuildFile section */

/* Begin PBXContainerItemProxy section */
		8CB76019203471820099AA49 /* PBXContainerItemProxy */ = {
			isa = PBXContainerItemProxy;
			containerPortal = 29B97313FDCFA39411CA2CEA /* Project object */;
			proxyType = 1;
			remoteGlobalIDString = 8CB76016203471820099AA49;
			remoteInfo = "StockWatch Extension";
		};
		8CB76025203471820099AA49 /* PBXContainerItemProxy */ = {
			isa = PBXContainerItemProxy;
			containerPortal = 29B97313FDCFA39411CA2CEA /* Project object */;
			proxyType = 1;
			remoteGlobalIDString = 8CB7600A203471810099AA49;
			remoteInfo = StockWatch;
		};
/* End PBXContainerItemProxy section */

/* Begin PBXCopyFilesBuildPhase section */
		8CB76027203471820099AA49 /* Embed Watch Content */ = {
			isa = PBXCopyFilesBuildPhase;
			buildActionMask = 2147483647;
			dstPath = "$(CONTENTS_FOLDER_PATH)/Watch";
			dstSubfolderSpec = 16;
			files = (
				8CB76028203471820099AA49 /* StockWatch.app in Embed Watch Content */,
			);
			name = "Embed Watch Content";
			runOnlyForDeploymentPostprocessing = 0;
		};
		8CB7602E203471820099AA49 /* Embed App Extensions */ = {
			isa = PBXCopyFilesBuildPhase;
			buildActionMask = 2147483647;
			dstPath = "";
			dstSubfolderSpec = 13;
			files = (
				8CB76018203471820099AA49 /* StockWatch Extension.appex in Embed App Extensions */,
			);
			name = "Embed App Extensions";
			runOnlyForDeploymentPostprocessing = 0;
		};
/* End PBXCopyFilesBuildPhase section */

/* Begin PBXFileReference section */
		06F44F71930ACC903B25E747 /* StockWatch_Demo_for_watchOS_Prefix.swift */ = {isa = PBXFileReference; lastKnownFileType = sourcecode.swift; path = StockWatch_Demo_for_watchOS_Prefix.swift; sourceTree = "<group>"; };
		1D30AB110D05D00D00671497 /* Foundation.framework */ = {isa = PBXFileReference; lastKnownFileType = wrapper.framework; name = Foundation.framework; path = System/Library/Frameworks/Foundation.framework; sourceTree = SDKROOT; };
		1D6058910D05DD3D006BFB54 /* Lightstreamer StockList.app */ = {isa = PBXFileReference; explicitFileType = wrapper.application; includeInIndex = 0; path = "Lightstreamer StockList.app"; sourceTree = BUILT_PRODUCTS_DIR; };
		1DF5F4DF0D08C38300B7A737 /* UIKit.framework */ = {isa = PBXFileReference; lastKnownFileType = wrapper.framework; name = UIKit.framework; path = System/Library/Frameworks/UIKit.framework; sourceTree = SDKROOT; };
		2860E325111B887F00E27156 /* AppDelegate_iPhone.h */ = {isa = PBXFileReference; fileEncoding = 4; lastKnownFileType = sourcecode.c.h; path = AppDelegate_iPhone.h; sourceTree = "<group>"; };
		2860E326111B887F00E27156 /* AppDelegate_iPhone.m */ = {isa = PBXFileReference; fileEncoding = 4; lastKnownFileType = sourcecode.c.objc; path = AppDelegate_iPhone.m; sourceTree = "<group>"; };
		2860E327111B887F00E27156 /* MainWindow_iPhone.xib */ = {isa = PBXFileReference; lastKnownFileType = file.xib; path = MainWindow_iPhone.xib; sourceTree = "<group>"; };
		2860E32B111B888700E27156 /* AppDelegate_iPad.h */ = {isa = PBXFileReference; fileEncoding = 4; lastKnownFileType = sourcecode.c.h; path = AppDelegate_iPad.h; sourceTree = "<group>"; };
		2860E32C111B888700E27156 /* AppDelegate_iPad.m */ = {isa = PBXFileReference; fileEncoding = 4; lastKnownFileType = sourcecode.c.objc; path = AppDelegate_iPad.m; sourceTree = "<group>"; };
		2860E32D111B888700E27156 /* MainWindow_iPad.xib */ = {isa = PBXFileReference; lastKnownFileType = file.xib; path = MainWindow_iPad.xib; sourceTree = "<group>"; };
		288765FC0DF74451002DB57D /* CoreGraphics.framework */ = {isa = PBXFileReference; lastKnownFileType = wrapper.framework; name = CoreGraphics.framework; path = System/Library/Frameworks/CoreGraphics.framework; sourceTree = SDKROOT; };
		29B97316FDCFA39411CA2CEA /* main.m */ = {isa = PBXFileReference; fileEncoding = 4; lastKnownFileType = sourcecode.c.objc; name = main.m; path = Shared/main.m; sourceTree = "<group>"; };
		32CA4F630368D1EE00C91783 /* StockList_Demo_for_iOS_Prefix.pch */ = {isa = PBXFileReference; fileEncoding = 4; lastKnownFileType = sourcecode.c.h; path = StockList_Demo_for_iOS_Prefix.pch; sourceTree = "<group>"; };
		4C4E4611A0F37FF7147DE1AF /* StockList Demo for iOS-Bridging-Header.h */ = {isa = PBXFileReference; lastKnownFileType = sourcecode.c.h; path = "StockList Demo for iOS-Bridging-Header.h"; sourceTree = "<group>"; };
		578EFEA826F46F5B003207E3 /* StockWatch_Demo_for_watchOS-Bridging-Header.h */ = {isa = PBXFileReference; lastKnownFileType = sourcecode.c.h; path = "StockWatch_Demo_for_watchOS-Bridging-Header.h"; sourceTree = "<group>"; };
		578EFEA926F4740D003207E3 /* ExtensionDelegate.swift */ = {isa = PBXFileReference; fileEncoding = 4; lastKnownFileType = sourcecode.swift; path = ExtensionDelegate.swift; sourceTree = "<group>"; };
		578EFEAA26F4740D003207E3 /* WatchSpecialEffects.swift */ = {isa = PBXFileReference; fileEncoding = 4; lastKnownFileType = sourcecode.swift; path = WatchSpecialEffects.swift; sourceTree = "<group>"; };
		578EFEAB26F4740D003207E3 /* Utils.swift */ = {isa = PBXFileReference; fileEncoding = 4; lastKnownFileType = sourcecode.swift; path = Utils.swift; sourceTree = "<group>"; };
		578EFEAC26F4740D003207E3 /* InterfaceController.swift */ = {isa = PBXFileReference; fileEncoding = 4; lastKnownFileType = sourcecode.swift; path = InterfaceController.swift; sourceTree = "<group>"; };
		578EFEB126F47BCA003207E3 /* AppDelegate_iPad.swift */ = {isa = PBXFileReference; fileEncoding = 4; lastKnownFileType = sourcecode.swift; path = AppDelegate_iPad.swift; sourceTree = "<group>"; };
		578EFEB326F47BE4003207E3 /* AppDelegate_iPhone.swift */ = {isa = PBXFileReference; fileEncoding = 4; lastKnownFileType = sourcecode.swift; path = AppDelegate_iPhone.swift; sourceTree = "<group>"; };
		578EFEB526F47CAB003207E3 /* StockListAppDelegate.swift */ = {isa = PBXFileReference; fileEncoding = 4; lastKnownFileType = sourcecode.swift; name = StockListAppDelegate.swift; path = Shared/StockListAppDelegate.swift; sourceTree = "<group>"; };
		578EFEB626F47CAB003207E3 /* StockListViewController.swift */ = {isa = PBXFileReference; fileEncoding = 4; lastKnownFileType = sourcecode.swift; name = StockListViewController.swift; path = Shared/StockListViewController.swift; sourceTree = "<group>"; };
		578EFEB726F47CAB003207E3 /* StockListView.swift */ = {isa = PBXFileReference; fileEncoding = 4; lastKnownFileType = sourcecode.swift; name = StockListView.swift; path = Shared/StockListView.swift; sourceTree = "<group>"; };
		578EFEB826F47CAB003207E3 /* ChartView.swift */ = {isa = PBXFileReference; fileEncoding = 4; lastKnownFileType = sourcecode.swift; name = ChartView.swift; path = Shared/ChartView.swift; sourceTree = "<group>"; };
		578EFEB926F47CAC003207E3 /* DetailView.swift */ = {isa = PBXFileReference; fileEncoding = 4; lastKnownFileType = sourcecode.swift; name = DetailView.swift; path = Shared/DetailView.swift; sourceTree = "<group>"; };
		578EFEBA26F47CAC003207E3 /* DetailViewController.swift */ = {isa = PBXFileReference; fileEncoding = 4; lastKnownFileType = sourcecode.swift; name = DetailViewController.swift; path = Shared/DetailViewController.swift; sourceTree = "<group>"; };
		578EFEBB26F47CAC003207E3 /* Connector.swift */ = {isa = PBXFileReference; fileEncoding = 4; lastKnownFileType = sourcecode.swift; name = Connector.swift; path = Shared/Connector.swift; sourceTree = "<group>"; };
		578EFEBC26F47CAC003207E3 /* InfoView.swift */ = {isa = PBXFileReference; fileEncoding = 4; lastKnownFileType = sourcecode.swift; name = InfoView.swift; path = Shared/InfoView.swift; sourceTree = "<group>"; };
		578EFEBD26F47CAC003207E3 /* ChartViewController.swift */ = {isa = PBXFileReference; fileEncoding = 4; lastKnownFileType = sourcecode.swift; name = ChartViewController.swift; path = Shared/ChartViewController.swift; sourceTree = "<group>"; };
		578EFEBE26F47CAC003207E3 /* StatusView.swift */ = {isa = PBXFileReference; fileEncoding = 4; lastKnownFileType = sourcecode.swift; name = StatusView.swift; path = Shared/StatusView.swift; sourceTree = "<group>"; };
		578EFEBF26F47CAC003207E3 /* StatusViewController.swift */ = {isa = PBXFileReference; fileEncoding = 4; lastKnownFileType = sourcecode.swift; name = StatusViewController.swift; path = Shared/StatusViewController.swift; sourceTree = "<group>"; };
		578EFEC026F47CAC003207E3 /* InfoViewController.swift */ = {isa = PBXFileReference; fileEncoding = 4; lastKnownFileType = sourcecode.swift; name = InfoViewController.swift; path = Shared/InfoViewController.swift; sourceTree = "<group>"; };
		578EFEC126F47CAC003207E3 /* main.swift */ = {isa = PBXFileReference; fileEncoding = 4; lastKnownFileType = sourcecode.swift; name = main.swift; path = Shared/main.swift; sourceTree = "<group>"; };
		578EFEC226F47CAC003207E3 /* Constants.swift */ = {isa = PBXFileReference; fileEncoding = 4; lastKnownFileType = sourcecode.swift; name = Constants.swift; path = Shared/Constants.swift; sourceTree = "<group>"; };
		578EFEC326F47CAC003207E3 /* StockListCell.swift */ = {isa = PBXFileReference; fileEncoding = 4; lastKnownFileType = sourcecode.swift; name = StockListCell.swift; path = Shared/StockListCell.swift; sourceTree = "<group>"; };
		578EFEC426F47CAC003207E3 /* SpecialEffects.swift */ = {isa = PBXFileReference; fileEncoding = 4; lastKnownFileType = sourcecode.swift; name = SpecialEffects.swift; path = Shared/SpecialEffects.swift; sourceTree = "<group>"; };
		578EFED626F47EEA003207E3 /* LightstreamerClient */ = {isa = PBXFileReference; lastKnownFileType = folder; name = LightstreamerClient; path = ../LightstreamerClient; sourceTree = "<group>"; };
		585D4095ADE52EC38056F91B /* StockList_Demo_for_iOS_Prefix.swift */ = {isa = PBXFileReference; lastKnownFileType = sourcecode.swift; path = StockList_Demo_for_iOS_Prefix.swift; sourceTree = "<group>"; };
		8C00FE621884390B009A4F34 /* Connector.h */ = {isa = PBXFileReference; fileEncoding = 4; lastKnownFileType = sourcecode.c.h; name = Connector.h; path = Shared/Connector.h; sourceTree = "<group>"; };
		8C00FE631884390B009A4F34 /* Connector.m */ = {isa = PBXFileReference; fileEncoding = 4; lastKnownFileType = sourcecode.c.objc; name = Connector.m; path = Shared/Connector.m; sourceTree = "<group>"; };
		8C2E353C1FFD321300D6020F /* Media.xcassets */ = {isa = PBXFileReference; lastKnownFileType = folder.assetcatalog; name = Media.xcassets; path = Shared/Media.xcassets; sourceTree = "<group>"; };
		8C2F040D1869D90500012B38 /* SpecialEffects.h */ = {isa = PBXFileReference; fileEncoding = 4; lastKnownFileType = sourcecode.c.h; name = SpecialEffects.h; path = Shared/SpecialEffects.h; sourceTree = "<group>"; };
		8C2F040E1869D90500012B38 /* SpecialEffects.m */ = {isa = PBXFileReference; fileEncoding = 4; lastKnownFileType = sourcecode.c.objc; name = SpecialEffects.m; path = Shared/SpecialEffects.m; sourceTree = "<group>"; };
		8C66014A186D90D7008DB46F /* ChartView.h */ = {isa = PBXFileReference; fileEncoding = 4; lastKnownFileType = sourcecode.c.h; name = ChartView.h; path = Shared/ChartView.h; sourceTree = "<group>"; };
		8C66014B186D90D7008DB46F /* ChartView.m */ = {isa = PBXFileReference; fileEncoding = 4; lastKnownFileType = sourcecode.c.objc; name = ChartView.m; path = Shared/ChartView.m; sourceTree = "<group>"; };
		8C66014D186D90F0008DB46F /* ChartViewController.h */ = {isa = PBXFileReference; fileEncoding = 4; lastKnownFileType = sourcecode.c.h; name = ChartViewController.h; path = Shared/ChartViewController.h; sourceTree = "<group>"; };
		8C66014E186D90F0008DB46F /* ChartViewController.m */ = {isa = PBXFileReference; fileEncoding = 4; lastKnownFileType = sourcecode.c.objc; name = ChartViewController.m; path = Shared/ChartViewController.m; sourceTree = "<group>"; };
		8C660150186DB6D1008DB46F /* CoreText.framework */ = {isa = PBXFileReference; lastKnownFileType = wrapper.framework; name = CoreText.framework; path = System/Library/Frameworks/CoreText.framework; sourceTree = SDKROOT; };
		8C7518E018757A2700CB61D5 /* StockListAppDelegate.h */ = {isa = PBXFileReference; lastKnownFileType = sourcecode.c.h; name = StockListAppDelegate.h; path = Shared/StockListAppDelegate.h; sourceTree = "<group>"; };
		8C7518E21875BBA700CB61D5 /* UIAlertView+BlockExtensions.h */ = {isa = PBXFileReference; fileEncoding = 4; lastKnownFileType = sourcecode.c.h; name = "UIAlertView+BlockExtensions.h"; path = "Shared/UIAlertView+BlockExtensions.h"; sourceTree = "<group>"; };
		8C7518E31875BBA700CB61D5 /* UIAlertView+BlockExtensions.m */ = {isa = PBXFileReference; fileEncoding = 4; lastKnownFileType = sourcecode.c.objc; name = "UIAlertView+BlockExtensions.m"; path = "Shared/UIAlertView+BlockExtensions.m"; sourceTree = "<group>"; };
		8C7815001FFBEC9200DEB287 /* LaunchScreen.xib */ = {isa = PBXFileReference; lastKnownFileType = file.xib; name = LaunchScreen.xib; path = Shared/LaunchScreen.xib; sourceTree = "<group>"; };
		8C7A1A2E12E4AF770019C2A7 /* InfoViewController.h */ = {isa = PBXFileReference; fileEncoding = 4; lastKnownFileType = sourcecode.c.h; name = InfoViewController.h; path = Shared/InfoViewController.h; sourceTree = "<group>"; };
		8C7A1A2F12E4AF770019C2A7 /* InfoViewController.m */ = {isa = PBXFileReference; fileEncoding = 4; lastKnownFileType = sourcecode.c.objc; name = InfoViewController.m; path = Shared/InfoViewController.m; sourceTree = "<group>"; };
		8C7A1A3412E4AF8D0019C2A7 /* InfoView.h */ = {isa = PBXFileReference; fileEncoding = 4; lastKnownFileType = sourcecode.c.h; name = InfoView.h; path = Shared/InfoView.h; sourceTree = "<group>"; };
		8C7A1A3512E4AF8D0019C2A7 /* InfoView.m */ = {isa = PBXFileReference; fileEncoding = 4; lastKnownFileType = sourcecode.c.objc; name = InfoView.m; path = Shared/InfoView.m; sourceTree = "<group>"; };
		8CA3C25C17C3A747005598B5 /* StockListSection_iPhone.xib */ = {isa = PBXFileReference; fileEncoding = 4; lastKnownFileType = file.xib; path = StockListSection_iPhone.xib; sourceTree = "<group>"; };
		8CA3C25E17C3A77F005598B5 /* InfoView_iPhone.xib */ = {isa = PBXFileReference; fileEncoding = 4; lastKnownFileType = file.xib; path = InfoView_iPhone.xib; sourceTree = "<group>"; };
		8CA3C26017C3A78C005598B5 /* StatusView_iPhone.xib */ = {isa = PBXFileReference; fileEncoding = 4; lastKnownFileType = file.xib; path = StatusView_iPhone.xib; sourceTree = "<group>"; };
		8CA3C26417C3A92B005598B5 /* InfoView_iPad.xib */ = {isa = PBXFileReference; fileEncoding = 4; lastKnownFileType = file.xib; path = InfoView_iPad.xib; sourceTree = "<group>"; };
		8CA3C26617C3A937005598B5 /* StatusView_iPad.xib */ = {isa = PBXFileReference; fileEncoding = 4; lastKnownFileType = file.xib; path = StatusView_iPad.xib; sourceTree = "<group>"; };
		8CB7600B203471810099AA49 /* StockWatch.app */ = {isa = PBXFileReference; explicitFileType = wrapper.application; includeInIndex = 0; path = StockWatch.app; sourceTree = BUILT_PRODUCTS_DIR; };
		8CB7600E203471820099AA49 /* Base */ = {isa = PBXFileReference; lastKnownFileType = file.storyboard; name = Base; path = Base.lproj/Interface.storyboard; sourceTree = "<group>"; };
		8CB76010203471820099AA49 /* Assets.xcassets */ = {isa = PBXFileReference; lastKnownFileType = folder.assetcatalog; path = Assets.xcassets; sourceTree = "<group>"; };
		8CB76012203471820099AA49 /* Info.plist */ = {isa = PBXFileReference; lastKnownFileType = text.plist.xml; path = Info.plist; sourceTree = "<group>"; };
		8CB76017203471820099AA49 /* StockWatch Extension.appex */ = {isa = PBXFileReference; explicitFileType = "wrapper.app-extension"; includeInIndex = 0; path = "StockWatch Extension.appex"; sourceTree = BUILT_PRODUCTS_DIR; };
		8CB7601C203471820099AA49 /* InterfaceController.h */ = {isa = PBXFileReference; lastKnownFileType = sourcecode.c.h; path = InterfaceController.h; sourceTree = "<group>"; };
		8CB7601D203471820099AA49 /* InterfaceController.m */ = {isa = PBXFileReference; lastKnownFileType = sourcecode.c.objc; path = InterfaceController.m; sourceTree = "<group>"; };
		8CB7601F203471820099AA49 /* ExtensionDelegate.h */ = {isa = PBXFileReference; lastKnownFileType = sourcecode.c.h; path = ExtensionDelegate.h; sourceTree = "<group>"; };
		8CB76020203471820099AA49 /* ExtensionDelegate.m */ = {isa = PBXFileReference; lastKnownFileType = sourcecode.c.objc; path = ExtensionDelegate.m; sourceTree = "<group>"; };
		8CB76022203471820099AA49 /* Assets.xcassets */ = {isa = PBXFileReference; lastKnownFileType = folder.assetcatalog; path = Assets.xcassets; sourceTree = "<group>"; };
		8CB76024203471820099AA49 /* Info.plist */ = {isa = PBXFileReference; lastKnownFileType = text.plist.xml; path = Info.plist; sourceTree = "<group>"; };
		8CB76030203476410099AA49 /* WatchSpecialEffects.h */ = {isa = PBXFileReference; lastKnownFileType = sourcecode.c.h; path = WatchSpecialEffects.h; sourceTree = "<group>"; };
		8CB76031203476410099AA49 /* WatchSpecialEffects.m */ = {isa = PBXFileReference; lastKnownFileType = sourcecode.c.objc; path = WatchSpecialEffects.m; sourceTree = "<group>"; };
		8CB76033203476540099AA49 /* StockWatch_Demo_for_watchOS_Prefix.pch */ = {isa = PBXFileReference; fileEncoding = 4; lastKnownFileType = sourcecode.c.h; path = StockWatch_Demo_for_watchOS_Prefix.pch; sourceTree = "<group>"; };
		8CD113AC12A01DFC0047C173 /* StockListView_iPad.xib */ = {isa = PBXFileReference; lastKnownFileType = file.xib; path = StockListView_iPad.xib; sourceTree = "<group>"; };
		8CD113AF12A01E600047C173 /* StockListView_iPhone.xib */ = {isa = PBXFileReference; lastKnownFileType = file.xib; path = StockListView_iPhone.xib; sourceTree = "<group>"; };
		8CD113B212A01EEE0047C173 /* StockListViewController.h */ = {isa = PBXFileReference; fileEncoding = 4; lastKnownFileType = sourcecode.c.h; name = StockListViewController.h; path = Shared/StockListViewController.h; sourceTree = "<group>"; };
		8CD113B312A01EEE0047C173 /* StockListViewController.m */ = {isa = PBXFileReference; fileEncoding = 4; lastKnownFileType = sourcecode.c.objc; name = StockListViewController.m; path = Shared/StockListViewController.m; sourceTree = "<group>"; };
		8CD113B512A01F0D0047C173 /* StockListView.h */ = {isa = PBXFileReference; fileEncoding = 4; lastKnownFileType = sourcecode.c.h; name = StockListView.h; path = Shared/StockListView.h; sourceTree = "<group>"; };
		8CD113B612A01F0D0047C173 /* StockListView.m */ = {isa = PBXFileReference; fileEncoding = 4; lastKnownFileType = sourcecode.c.objc; name = StockListView.m; path = Shared/StockListView.m; sourceTree = "<group>"; };
		8CD113B812A021000047C173 /* Constants.h */ = {isa = PBXFileReference; fileEncoding = 4; lastKnownFileType = sourcecode.c.h; name = Constants.h; path = Shared/Constants.h; sourceTree = "<group>"; };
		8CD113C912A021DD0047C173 /* StockListCell_iPad.xib */ = {isa = PBXFileReference; lastKnownFileType = file.xib; path = StockListCell_iPad.xib; sourceTree = "<group>"; };
		8CD113CC12A023640047C173 /* StockListSection_iPad.xib */ = {isa = PBXFileReference; lastKnownFileType = file.xib; path = StockListSection_iPad.xib; sourceTree = "<group>"; };
		8CD113CF12A025F90047C173 /* StockListCell_iPhone.xib */ = {isa = PBXFileReference; lastKnownFileType = file.xib; path = StockListCell_iPhone.xib; sourceTree = "<group>"; };
		8CD1140D12A02B8F0047C173 /* StockListCell.h */ = {isa = PBXFileReference; fileEncoding = 4; lastKnownFileType = sourcecode.c.h; name = StockListCell.h; path = Shared/StockListCell.h; sourceTree = "<group>"; };
		8CD1140E12A02B8F0047C173 /* StockListCell.m */ = {isa = PBXFileReference; fileEncoding = 4; lastKnownFileType = sourcecode.c.objc; name = StockListCell.m; path = Shared/StockListCell.m; sourceTree = "<group>"; };
		8CD8D58018688B910021E803 /* DetailView_iPad.xib */ = {isa = PBXFileReference; fileEncoding = 4; lastKnownFileType = file.xib; path = DetailView_iPad.xib; sourceTree = "<group>"; };
		8CD8D58218688CC40021E803 /* DetailView.h */ = {isa = PBXFileReference; fileEncoding = 4; lastKnownFileType = sourcecode.c.h; name = DetailView.h; path = Shared/DetailView.h; sourceTree = "<group>"; };
		8CD8D58318688CC40021E803 /* DetailView.m */ = {isa = PBXFileReference; fileEncoding = 4; lastKnownFileType = sourcecode.c.objc; name = DetailView.m; path = Shared/DetailView.m; sourceTree = "<group>"; };
		8CD8D58518688CDA0021E803 /* DetailViewController.h */ = {isa = PBXFileReference; fileEncoding = 4; lastKnownFileType = sourcecode.c.h; name = DetailViewController.h; path = Shared/DetailViewController.h; sourceTree = "<group>"; };
		8CD8D58618688CDA0021E803 /* DetailViewController.m */ = {isa = PBXFileReference; fileEncoding = 4; lastKnownFileType = sourcecode.c.objc; name = DetailViewController.m; path = Shared/DetailViewController.m; sourceTree = "<group>"; };
		8CD8D588186894DC0021E803 /* DetailView_iPhone.xib */ = {isa = PBXFileReference; fileEncoding = 4; lastKnownFileType = file.xib; path = DetailView_iPhone.xib; sourceTree = "<group>"; };
		8CED185D132FD2FD00F92DFE /* StatusViewController.h */ = {isa = PBXFileReference; fileEncoding = 4; lastKnownFileType = sourcecode.c.h; name = StatusViewController.h; path = Shared/StatusViewController.h; sourceTree = "<group>"; };
		8CED185E132FD2FF00F92DFE /* StatusViewController.m */ = {isa = PBXFileReference; fileEncoding = 4; lastKnownFileType = sourcecode.c.objc; name = StatusViewController.m; path = Shared/StatusViewController.m; sourceTree = "<group>"; };
		8CED1860132FD32300F92DFE /* StatusView.h */ = {isa = PBXFileReference; fileEncoding = 4; lastKnownFileType = sourcecode.c.h; name = StatusView.h; path = Shared/StatusView.h; sourceTree = "<group>"; };
		8CED1861132FD32500F92DFE /* StatusView.m */ = {isa = PBXFileReference; fileEncoding = 4; lastKnownFileType = sourcecode.c.objc; name = StatusView.m; path = Shared/StatusView.m; sourceTree = "<group>"; };
		8D1107310486CEB800E47090 /* StockList_Demo_for_iOS-Info.plist */ = {isa = PBXFileReference; fileEncoding = 4; lastKnownFileType = text.plist.xml; path = "StockList_Demo_for_iOS-Info.plist"; plistStructureDefinitionIdentifier = "com.apple.xcode.plist.structure-definition.iphone.info-plist"; sourceTree = "<group>"; };
		DEB942FB8AE05A1F52F29C72 /* Swiftify.README.md */ = {isa = PBXFileReference; lastKnownFileType = net.daringfireball.markdown; path = Swiftify.README.md; sourceTree = "<group>"; };
/* End PBXFileReference section */

/* Begin PBXFrameworksBuildPhase section */
		1D60588F0D05DD3D006BFB54 /* Frameworks */ = {
			isa = PBXFrameworksBuildPhase;
			buildActionMask = 2147483647;
			files = (
				8C660151186DB6D1008DB46F /* CoreText.framework in Frameworks */,
				1D60589F0D05DD5A006BFB54 /* Foundation.framework in Frameworks */,
				1DF5F4E00D08C38300B7A737 /* UIKit.framework in Frameworks */,
				578EFED826F47F08003207E3 /* LightstreamerClient in Frameworks */,
				288765FD0DF74451002DB57D /* CoreGraphics.framework in Frameworks */,
			);
			runOnlyForDeploymentPostprocessing = 0;
		};
		8CB76014203471820099AA49 /* Frameworks */ = {
			isa = PBXFrameworksBuildPhase;
			buildActionMask = 2147483647;
			files = (
				578EFEDA26F47F14003207E3 /* LightstreamerClient in Frameworks */,
			);
			runOnlyForDeploymentPostprocessing = 0;
		};
		A5E21C1F2239D2B2AFEB1ADA /* Frameworks */ = {
			isa = PBXFrameworksBuildPhase;
			buildActionMask = 2147483647;
			files = (
			);
			runOnlyForDeploymentPostprocessing = 0;
		};
/* End PBXFrameworksBuildPhase section */

/* Begin PBXGroup section */
		19C28FACFE9D520D11CA2CBB /* Products */ = {
			isa = PBXGroup;
			children = (
				1D6058910D05DD3D006BFB54 /* Lightstreamer StockList.app */,
				8CB7600B203471810099AA49 /* StockWatch.app */,
				8CB76017203471820099AA49 /* StockWatch Extension.appex */,
			);
			name = Products;
			sourceTree = "<group>";
		};
		2860E324111B887F00E27156 /* iPhone */ = {
			isa = PBXGroup;
			children = (
				578EFEB326F47BE4003207E3 /* AppDelegate_iPhone.swift */,
				2860E325111B887F00E27156 /* AppDelegate_iPhone.h */,
				2860E326111B887F00E27156 /* AppDelegate_iPhone.m */,
				2860E327111B887F00E27156 /* MainWindow_iPhone.xib */,
				8CD113AF12A01E600047C173 /* StockListView_iPhone.xib */,
				8CD113CF12A025F90047C173 /* StockListCell_iPhone.xib */,
				8CA3C25C17C3A747005598B5 /* StockListSection_iPhone.xib */,
				8CD8D588186894DC0021E803 /* DetailView_iPhone.xib */,
				8CA3C25E17C3A77F005598B5 /* InfoView_iPhone.xib */,
				8CA3C26017C3A78C005598B5 /* StatusView_iPhone.xib */,
			);
			path = iPhone;
			sourceTree = "<group>";
		};
		2860E32A111B888700E27156 /* iPad */ = {
			isa = PBXGroup;
			children = (
				578EFEB126F47BCA003207E3 /* AppDelegate_iPad.swift */,
				2860E32B111B888700E27156 /* AppDelegate_iPad.h */,
				2860E32C111B888700E27156 /* AppDelegate_iPad.m */,
				2860E32D111B888700E27156 /* MainWindow_iPad.xib */,
				8CD113AC12A01DFC0047C173 /* StockListView_iPad.xib */,
				8CD113C912A021DD0047C173 /* StockListCell_iPad.xib */,
				8CD113CC12A023640047C173 /* StockListSection_iPad.xib */,
				8CD8D58018688B910021E803 /* DetailView_iPad.xib */,
				8CA3C26417C3A92B005598B5 /* InfoView_iPad.xib */,
				8CA3C26617C3A937005598B5 /* StatusView_iPad.xib */,
			);
			path = iPad;
			sourceTree = "<group>";
		};
		28EEBF621118D79A00187D67 /* Shared */ = {
			isa = PBXGroup;
			children = (
				578EFEB826F47CAB003207E3 /* ChartView.swift */,
				578EFEBD26F47CAC003207E3 /* ChartViewController.swift */,
				578EFEBB26F47CAC003207E3 /* Connector.swift */,
				578EFEC226F47CAC003207E3 /* Constants.swift */,
				578EFEB926F47CAC003207E3 /* DetailView.swift */,
				578EFEBA26F47CAC003207E3 /* DetailViewController.swift */,
				578EFEBC26F47CAC003207E3 /* InfoView.swift */,
				578EFEC026F47CAC003207E3 /* InfoViewController.swift */,
				578EFEC126F47CAC003207E3 /* main.swift */,
				578EFEC426F47CAC003207E3 /* SpecialEffects.swift */,
				578EFEBE26F47CAC003207E3 /* StatusView.swift */,
				578EFEBF26F47CAC003207E3 /* StatusViewController.swift */,
				578EFEB526F47CAB003207E3 /* StockListAppDelegate.swift */,
				578EFEC326F47CAC003207E3 /* StockListCell.swift */,
				578EFEB726F47CAB003207E3 /* StockListView.swift */,
				578EFEB626F47CAB003207E3 /* StockListViewController.swift */,
				8C7518E018757A2700CB61D5 /* StockListAppDelegate.h */,
				8CD113B212A01EEE0047C173 /* StockListViewController.h */,
				8CD113B312A01EEE0047C173 /* StockListViewController.m */,
				8CD113B512A01F0D0047C173 /* StockListView.h */,
				8CD113B612A01F0D0047C173 /* StockListView.m */,
				8CD1140D12A02B8F0047C173 /* StockListCell.h */,
				8CD1140E12A02B8F0047C173 /* StockListCell.m */,
				8CD8D58518688CDA0021E803 /* DetailViewController.h */,
				8CD8D58618688CDA0021E803 /* DetailViewController.m */,
				8CD8D58218688CC40021E803 /* DetailView.h */,
				8CD8D58318688CC40021E803 /* DetailView.m */,
				8C66014D186D90F0008DB46F /* ChartViewController.h */,
				8C66014E186D90F0008DB46F /* ChartViewController.m */,
				8C66014A186D90D7008DB46F /* ChartView.h */,
				8C66014B186D90D7008DB46F /* ChartView.m */,
				8C7A1A2E12E4AF770019C2A7 /* InfoViewController.h */,
				8C7A1A2F12E4AF770019C2A7 /* InfoViewController.m */,
				8C7A1A3412E4AF8D0019C2A7 /* InfoView.h */,
				8C7A1A3512E4AF8D0019C2A7 /* InfoView.m */,
				8CED185D132FD2FD00F92DFE /* StatusViewController.h */,
				8CED185E132FD2FF00F92DFE /* StatusViewController.m */,
				8CED1860132FD32300F92DFE /* StatusView.h */,
				8CED1861132FD32500F92DFE /* StatusView.m */,
				8C00FE621884390B009A4F34 /* Connector.h */,
				8C00FE631884390B009A4F34 /* Connector.m */,
				8C2F040D1869D90500012B38 /* SpecialEffects.h */,
				8C2F040E1869D90500012B38 /* SpecialEffects.m */,
				8CD113B812A021000047C173 /* Constants.h */,
				29B97316FDCFA39411CA2CEA /* main.m */,
				8C7518E21875BBA700CB61D5 /* UIAlertView+BlockExtensions.h */,
				8C7518E31875BBA700CB61D5 /* UIAlertView+BlockExtensions.m */,
				8C7815001FFBEC9200DEB287 /* LaunchScreen.xib */,
				8C2E353C1FFD321300D6020F /* Media.xcassets */,
			);
			name = Shared;
			sourceTree = "<group>";
		};
		29B97314FDCFA39411CA2CEA /* CustomTemplate */ = {
			isa = PBXGroup;
			children = (
				578EFED626F47EEA003207E3 /* LightstreamerClient */,
				578EFEA826F46F5B003207E3 /* StockWatch_Demo_for_watchOS-Bridging-Header.h */,
				2860E32A111B888700E27156 /* iPad */,
				2860E324111B887F00E27156 /* iPhone */,
				28EEBF621118D79A00187D67 /* Shared */,
				29B97315FDCFA39411CA2CEA /* Other Resources */,
				8CB7600C203471820099AA49 /* StockWatch */,
				8CB7601B203471820099AA49 /* StockWatch Extension */,
				29B97323FDCFA39411CA2CEA /* Frameworks */,
				19C28FACFE9D520D11CA2CBB /* Products */,
				585D4095ADE52EC38056F91B /* StockList_Demo_for_iOS_Prefix.swift */,
				06F44F71930ACC903B25E747 /* StockWatch_Demo_for_watchOS_Prefix.swift */,
				4C4E4611A0F37FF7147DE1AF /* StockList Demo for iOS-Bridging-Header.h */,
				DEB942FB8AE05A1F52F29C72 /* Swiftify.README.md */,
			);
			name = CustomTemplate;
			sourceTree = "<group>";
		};
		29B97315FDCFA39411CA2CEA /* Other Resources */ = {
			isa = PBXGroup;
			children = (
				8D1107310486CEB800E47090 /* StockList_Demo_for_iOS-Info.plist */,
				32CA4F630368D1EE00C91783 /* StockList_Demo_for_iOS_Prefix.pch */,
			);
			name = "Other Resources";
			sourceTree = "<group>";
		};
		29B97323FDCFA39411CA2CEA /* Frameworks */ = {
			isa = PBXGroup;
			children = (
				8C660150186DB6D1008DB46F /* CoreText.framework */,
				1DF5F4DF0D08C38300B7A737 /* UIKit.framework */,
				1D30AB110D05D00D00671497 /* Foundation.framework */,
				288765FC0DF74451002DB57D /* CoreGraphics.framework */,
			);
			name = Frameworks;
			sourceTree = "<group>";
		};
		8CB7600C203471820099AA49 /* StockWatch */ = {
			isa = PBXGroup;
			children = (
				8CB7600D203471820099AA49 /* Interface.storyboard */,
				8CB76010203471820099AA49 /* Assets.xcassets */,
				8CB76012203471820099AA49 /* Info.plist */,
			);
			path = StockWatch;
			sourceTree = "<group>";
		};
		8CB7601B203471820099AA49 /* StockWatch Extension */ = {
			isa = PBXGroup;
			children = (
				578EFEA926F4740D003207E3 /* ExtensionDelegate.swift */,
				578EFEAC26F4740D003207E3 /* InterfaceController.swift */,
				578EFEAB26F4740D003207E3 /* Utils.swift */,
				578EFEAA26F4740D003207E3 /* WatchSpecialEffects.swift */,
				8CB7601C203471820099AA49 /* InterfaceController.h */,
				8CB7601D203471820099AA49 /* InterfaceController.m */,
				8CB7601F203471820099AA49 /* ExtensionDelegate.h */,
				8CB76020203471820099AA49 /* ExtensionDelegate.m */,
				8CB76030203476410099AA49 /* WatchSpecialEffects.h */,
				8CB76031203476410099AA49 /* WatchSpecialEffects.m */,
				8CB76022203471820099AA49 /* Assets.xcassets */,
				8CB76024203471820099AA49 /* Info.plist */,
				8CB76033203476540099AA49 /* StockWatch_Demo_for_watchOS_Prefix.pch */,
			);
			path = "StockWatch Extension";
			sourceTree = "<group>";
		};
/* End PBXGroup section */

/* Begin PBXNativeTarget section */
		1D6058900D05DD3D006BFB54 /* StockList Demo for iOS */ = {
			isa = PBXNativeTarget;
			buildConfigurationList = 1D6058960D05DD3E006BFB54 /* Build configuration list for PBXNativeTarget "StockList Demo for iOS" */;
			buildPhases = (
				1D60588D0D05DD3D006BFB54 /* Resources */,
				1D60588E0D05DD3D006BFB54 /* Sources */,
				1D60588F0D05DD3D006BFB54 /* Frameworks */,
				8CB76027203471820099AA49 /* Embed Watch Content */,
				962E84352599D0EB00B890D6 /* ShellScript */,
			);
			buildRules = (
			);
			dependencies = (
				8CB76026203471820099AA49 /* PBXTargetDependency */,
			);
			name = "StockList Demo for iOS";
			packageProductDependencies = (
				578EFED726F47F08003207E3 /* LightstreamerClient */,
			);
			productName = "StockList Demo for iOS";
			productReference = 1D6058910D05DD3D006BFB54 /* Lightstreamer StockList.app */;
			productType = "com.apple.product-type.application";
		};
		8CB7600A203471810099AA49 /* StockWatch */ = {
			isa = PBXNativeTarget;
			buildConfigurationList = 8CB7602F203471820099AA49 /* Build configuration list for PBXNativeTarget "StockWatch" */;
			buildPhases = (
				8CB76009203471810099AA49 /* Resources */,
				8CB7602E203471820099AA49 /* Embed App Extensions */,
				A5E21C1F2239D2B2AFEB1ADA /* Frameworks */,
			);
			buildRules = (
			);
			dependencies = (
				8CB7601A203471820099AA49 /* PBXTargetDependency */,
			);
			name = StockWatch;
			productName = StockWatch;
			productReference = 8CB7600B203471810099AA49 /* StockWatch.app */;
			productType = "com.apple.product-type.application.watchapp2";
		};
		8CB76016203471820099AA49 /* StockWatch Extension */ = {
			isa = PBXNativeTarget;
			buildConfigurationList = 8CB7602D203471820099AA49 /* Build configuration list for PBXNativeTarget "StockWatch Extension" */;
			buildPhases = (
				8CB76013203471820099AA49 /* Sources */,
				8CB76014203471820099AA49 /* Frameworks */,
				8CB76015203471820099AA49 /* Resources */,
			);
			buildRules = (
			);
			dependencies = (
			);
			name = "StockWatch Extension";
			packageProductDependencies = (
				578EFED926F47F14003207E3 /* LightstreamerClient */,
			);
			productName = "StockWatch Extension";
			productReference = 8CB76017203471820099AA49 /* StockWatch Extension.appex */;
			productType = "com.apple.product-type.watchkit2-extension";
		};
/* End PBXNativeTarget section */

/* Begin PBXProject section */
		29B97313FDCFA39411CA2CEA /* Project object */ = {
			isa = PBXProject;
			attributes = {
				LastUpgradeCheck = 1140;
				ORGANIZATIONNAME = "Weswit srl";
				TargetAttributes = {
					1D6058900D05DD3D006BFB54 = {
						DevelopmentTeam = 7PGFJN8WH5;
					};
					8CB7600A203471810099AA49 = {
						CreatedOnToolsVersion = 9.2;
						ProvisioningStyle = Automatic;
					};
					8CB76016203471820099AA49 = {
						CreatedOnToolsVersion = 9.2;
						DevelopmentTeam = 7PGFJN8WH5;
						ProvisioningStyle = Automatic;
					};
				};
			};
			buildConfigurationList = C01FCF4E08A954540054247B /* Build configuration list for PBXProject "StockList Demo for iOS" */;
			compatibilityVersion = "Xcode 3.2";
			developmentRegion = en;
			hasScannedForEncodings = 1;
			knownRegions = (
				Base,
				de,
				ja,
				en,
				fr,
			);
			mainGroup = 29B97314FDCFA39411CA2CEA /* CustomTemplate */;
			packageReferences = (
			);
			productRefGroup = 19C28FACFE9D520D11CA2CBB /* Products */;
			projectDirPath = "";
			projectRoot = "";
			targets = (
				1D6058900D05DD3D006BFB54 /* StockList Demo for iOS */,
				8CB7600A203471810099AA49 /* StockWatch */,
				8CB76016203471820099AA49 /* StockWatch Extension */,
			);
		};
/* End PBXProject section */

/* Begin PBXResourcesBuildPhase section */
		1D60588D0D05DD3D006BFB54 /* Resources */ = {
			isa = PBXResourcesBuildPhase;
			buildActionMask = 2147483647;
			files = (
				2860E329111B887F00E27156 /* MainWindow_iPhone.xib in Resources */,
				2860E32F111B888700E27156 /* MainWindow_iPad.xib in Resources */,
				8CD113AD12A01DFC0047C173 /* StockListView_iPad.xib in Resources */,
				8CD113B012A01E600047C173 /* StockListView_iPhone.xib in Resources */,
				8CD113CA12A021DD0047C173 /* StockListCell_iPad.xib in Resources */,
				8CD113CD12A023640047C173 /* StockListSection_iPad.xib in Resources */,
				8C7815011FFBEC9200DEB287 /* LaunchScreen.xib in Resources */,
				8CD113D012A025F90047C173 /* StockListCell_iPhone.xib in Resources */,
				8CA3C25D17C3A747005598B5 /* StockListSection_iPhone.xib in Resources */,
				8CA3C26717C3A937005598B5 /* StatusView_iPad.xib in Resources */,
				8CA3C26117C3A78C005598B5 /* StatusView_iPhone.xib in Resources */,
				8CA3C25F17C3A77F005598B5 /* InfoView_iPhone.xib in Resources */,
				8C2E353D1FFD321300D6020F /* Media.xcassets in Resources */,
				8CA3C26517C3A92B005598B5 /* InfoView_iPad.xib in Resources */,
				8CD8D58118688B910021E803 /* DetailView_iPad.xib in Resources */,
				8CD8D589186894DC0021E803 /* DetailView_iPhone.xib in Resources */,
			);
			runOnlyForDeploymentPostprocessing = 0;
		};
		8CB76009203471810099AA49 /* Resources */ = {
			isa = PBXResourcesBuildPhase;
			buildActionMask = 2147483647;
			files = (
				8CB76011203471820099AA49 /* Assets.xcassets in Resources */,
				8CB7600F203471820099AA49 /* Interface.storyboard in Resources */,
			);
			runOnlyForDeploymentPostprocessing = 0;
		};
		8CB76015203471820099AA49 /* Resources */ = {
			isa = PBXResourcesBuildPhase;
			buildActionMask = 2147483647;
			files = (
				8CB76023203471820099AA49 /* Assets.xcassets in Resources */,
			);
			runOnlyForDeploymentPostprocessing = 0;
		};
/* End PBXResourcesBuildPhase section */

/* Begin PBXShellScriptBuildPhase section */
		962E84352599D0EB00B890D6 /* ShellScript */ = {
			isa = PBXShellScriptBuildPhase;
			alwaysOutOfDate = 1;
			buildActionMask = 2147483647;
			files = (
			);
			inputFileListPaths = (
			);
			inputPaths = (
			);
			outputFileListPaths = (
			);
			outputPaths = (
			);
			runOnlyForDeploymentPostprocessing = 0;
			shellPath = /bin/sh;
			shellScript = "rm -rf \"${BUILT_PRODUCTS_DIR}/${PRODUCT_NAME}.app/Watch/Lightstreamer_iOS_Client.framework\"\n";
		};
/* End PBXShellScriptBuildPhase section */

/* Begin PBXSourcesBuildPhase section */
		1D60588E0D05DD3D006BFB54 /* Sources */ = {
			isa = PBXSourcesBuildPhase;
			buildActionMask = 2147483647;
			files = (
				578EFECF26F47CAC003207E3 /* StatusViewController.swift in Sources */,
				578EFED226F47CAC003207E3 /* Constants.swift in Sources */,
				578EFECA26F47CAC003207E3 /* DetailViewController.swift in Sources */,
				578EFECE26F47CAC003207E3 /* StatusView.swift in Sources */,
				578EFECC26F47CAC003207E3 /* InfoView.swift in Sources */,
				578EFED026F47CAC003207E3 /* InfoViewController.swift in Sources */,
				578EFEB426F47BE4003207E3 /* AppDelegate_iPhone.swift in Sources */,
				578EFEC926F47CAC003207E3 /* DetailView.swift in Sources */,
				578EFECB26F47CAC003207E3 /* Connector.swift in Sources */,
				578EFECD26F47CAC003207E3 /* ChartViewController.swift in Sources */,
				578EFEC526F47CAC003207E3 /* StockListAppDelegate.swift in Sources */,
				578EFED126F47CAC003207E3 /* main.swift in Sources */,
				578EFED326F47CAC003207E3 /* StockListCell.swift in Sources */,
				578EFEB226F47BCA003207E3 /* AppDelegate_iPad.swift in Sources */,
				578EFEC826F47CAC003207E3 /* ChartView.swift in Sources */,
				578EFEC726F47CAC003207E3 /* StockListView.swift in Sources */,
				578EFED426F47CAC003207E3 /* SpecialEffects.swift in Sources */,
				B4924DB69ADB9A8828DFB9A9 /* StockList_Demo_for_iOS_Prefix.swift in Sources */,
				578EFEC626F47CAC003207E3 /* StockListViewController.swift in Sources */,
			);
			runOnlyForDeploymentPostprocessing = 0;
		};
		8CB76013203471820099AA49 /* Sources */ = {
			isa = PBXSourcesBuildPhase;
			buildActionMask = 2147483647;
			files = (
				578EFEAE26F4740D003207E3 /* WatchSpecialEffects.swift in Sources */,
				578EFEB026F4740D003207E3 /* InterfaceController.swift in Sources */,
				578EFED526F47CC8003207E3 /* Connector.swift in Sources */,
				6868437AAE6C7CC6597D3629 /* StockWatch_Demo_for_watchOS_Prefix.swift in Sources */,
				578EFEAD26F4740D003207E3 /* ExtensionDelegate.swift in Sources */,
				578EFEDB26F481D3003207E3 /* Constants.swift in Sources */,
			);
			runOnlyForDeploymentPostprocessing = 0;
		};
/* End PBXSourcesBuildPhase section */

/* Begin PBXTargetDependency section */
		8CB7601A203471820099AA49 /* PBXTargetDependency */ = {
			isa = PBXTargetDependency;
			target = 8CB76016203471820099AA49 /* StockWatch Extension */;
			targetProxy = 8CB76019203471820099AA49 /* PBXContainerItemProxy */;
		};
		8CB76026203471820099AA49 /* PBXTargetDependency */ = {
			isa = PBXTargetDependency;
			target = 8CB7600A203471810099AA49 /* StockWatch */;
			targetProxy = 8CB76025203471820099AA49 /* PBXContainerItemProxy */;
		};
/* End PBXTargetDependency section */

/* Begin PBXVariantGroup section */
		8CB7600D203471820099AA49 /* Interface.storyboard */ = {
			isa = PBXVariantGroup;
			children = (
				8CB7600E203471820099AA49 /* Base */,
			);
			name = Interface.storyboard;
			sourceTree = "<group>";
		};
/* End PBXVariantGroup section */

/* Begin XCBuildConfiguration section */
		1D6058940D05DD3E006BFB54 /* Debug */ = {
			isa = XCBuildConfiguration;
			buildSettings = {
				ALWAYS_SEARCH_USER_PATHS = NO;
				ASSETCATALOG_COMPILER_APPICON_NAME = AppIcon;
				ASSETCATALOG_COMPILER_LAUNCHIMAGE_NAME = LaunchImage;
				CLANG_ENABLE_MODULES = YES;
				CLANG_ENABLE_OBJC_ARC = YES;
				CODE_SIGN_IDENTITY = "iPhone Developer";
				COPY_PHASE_STRIP = NO;
				CURRENT_PROJECT_VERSION = 2.8.1;
				DEVELOPMENT_TEAM = 7PGFJN8WH5;
				GCC_DYNAMIC_NO_PIC = NO;
				GCC_OPTIMIZATION_LEVEL = 0;
				GCC_PRECOMPILE_PREFIX_HEADER = YES;
				GCC_PREFIX_HEADER = StockList_Demo_for_iOS_Prefix.pch;
				GCC_THUMB_SUPPORT = NO;
				INFOPLIST_FILE = "StockList_Demo_for_iOS-Info.plist";
				IPHONEOS_DEPLOYMENT_TARGET = 10.0;
				LD_RUNPATH_SEARCH_PATHS = (
					"$(inherited)",
					"@executable_path/Frameworks",
				);
				MARKETING_VERSION = 2.8.1;
				PRODUCT_BUNDLE_IDENTIFIER = com.lightstreamer.ios.stocklist.nompn;
				PROVISIONING_PROFILE = "";
				"PROVISIONING_PROFILE[sdk=iphoneos*]" = "";
				SWIFT_OBJC_BRIDGING_HEADER = "StockList Demo for iOS-Bridging-Header.h";
				SWIFT_OPTIMIZATION_LEVEL = "-Onone";
				SWIFT_VERSION = 5.0;
			};
			name = Debug;
		};
		1D6058950D05DD3E006BFB54 /* Release */ = {
			isa = XCBuildConfiguration;
			buildSettings = {
				ALWAYS_SEARCH_USER_PATHS = NO;
				ASSETCATALOG_COMPILER_APPICON_NAME = AppIcon;
				ASSETCATALOG_COMPILER_LAUNCHIMAGE_NAME = LaunchImage;
				CLANG_ENABLE_MODULES = YES;
				CLANG_ENABLE_OBJC_ARC = YES;
				CODE_SIGN_IDENTITY = "iPhone Developer";
				COPY_PHASE_STRIP = YES;
				CURRENT_PROJECT_VERSION = 2.8.1;
				DEVELOPMENT_TEAM = 7PGFJN8WH5;
				GCC_PRECOMPILE_PREFIX_HEADER = YES;
				GCC_PREFIX_HEADER = StockList_Demo_for_iOS_Prefix.pch;
				GCC_THUMB_SUPPORT = NO;
				INFOPLIST_FILE = "StockList_Demo_for_iOS-Info.plist";
				IPHONEOS_DEPLOYMENT_TARGET = 10.0;
				LD_RUNPATH_SEARCH_PATHS = (
					"$(inherited)",
					"@executable_path/Frameworks",
				);
				MARKETING_VERSION = 2.8.1;
				PRODUCT_BUNDLE_IDENTIFIER = com.lightstreamer.ios.stocklist.nompn;
				PROVISIONING_PROFILE = "";
				"PROVISIONING_PROFILE[sdk=iphoneos*]" = "";
				SWIFT_OBJC_BRIDGING_HEADER = "StockList Demo for iOS-Bridging-Header.h";
				SWIFT_VERSION = 5.0;
				VALIDATE_PRODUCT = YES;
			};
			name = Release;
		};
		8CB76029203471820099AA49 /* Debug */ = {
			isa = XCBuildConfiguration;
			buildSettings = {
				ALWAYS_SEARCH_USER_PATHS = NO;
				ASSETCATALOG_COMPILER_APPICON_NAME = AppIcon;
				CLANG_ANALYZER_NONNULL = YES;
				CLANG_ANALYZER_NUMBER_OBJECT_CONVERSION = YES_AGGRESSIVE;
				CLANG_CXX_LANGUAGE_STANDARD = "gnu++14";
				CLANG_CXX_LIBRARY = "libc++";
				CLANG_ENABLE_MODULES = YES;
				CLANG_ENABLE_OBJC_ARC = YES;
				CLANG_WARN_DIRECT_OBJC_ISA_USAGE = YES_ERROR;
				CLANG_WARN_DOCUMENTATION_COMMENTS = YES;
				CLANG_WARN_OBJC_ROOT_CLASS = YES_ERROR;
				CLANG_WARN_UNGUARDED_AVAILABILITY = YES_AGGRESSIVE;
				CODE_SIGN_IDENTITY = "iPhone Developer";
				CODE_SIGN_STYLE = Automatic;
				COPY_PHASE_STRIP = NO;
				CURRENT_PROJECT_VERSION = 2.8.1;
				DEBUG_INFORMATION_FORMAT = dwarf;
				DEVELOPMENT_TEAM = 7PGFJN8WH5;
				GCC_C_LANGUAGE_STANDARD = gnu11;
				GCC_DYNAMIC_NO_PIC = NO;
				GCC_OPTIMIZATION_LEVEL = 0;
				GCC_PREPROCESSOR_DEFINITIONS = (
					"DEBUG=1",
					"$(inherited)",
				);
				GCC_WARN_ABOUT_RETURN_TYPE = YES_ERROR;
				GCC_WARN_UNINITIALIZED_AUTOS = YES_AGGRESSIVE;
				IBSC_MODULE = StockWatch_Extension;
				INFOPLIST_FILE = StockWatch/Info.plist;
				LD_RUNPATH_SEARCH_PATHS = (
					"$(inherited)",
					"@executable_path/Frameworks",
					"@executable_path/../Frameworks",
					"@executable_path/../../Frameworks",
					"@loader_path/Frameworks",
					"@loader_path/../Frameworks",
					"@loader_path/../../Frameworks",
				);
				MARKETING_VERSION = 2.8.1;
				MTL_ENABLE_DEBUG_INFO = YES;
				PRODUCT_BUNDLE_IDENTIFIER = com.lightstreamer.ios.stocklist.nompn.watchkitapp;
				PRODUCT_NAME = "$(TARGET_NAME)";
				SDKROOT = watchos;
				SKIP_INSTALL = YES;
				SWIFT_OPTIMIZATION_LEVEL = "-Onone";
				SWIFT_VERSION = 5.0;
				TARGETED_DEVICE_FAMILY = 4;
				WATCHOS_DEPLOYMENT_TARGET = 2.0;
			};
			name = Debug;
		};
		8CB7602A203471820099AA49 /* Release */ = {
			isa = XCBuildConfiguration;
			buildSettings = {
				ALWAYS_SEARCH_USER_PATHS = NO;
				ASSETCATALOG_COMPILER_APPICON_NAME = AppIcon;
				CLANG_ANALYZER_NONNULL = YES;
				CLANG_ANALYZER_NUMBER_OBJECT_CONVERSION = YES_AGGRESSIVE;
				CLANG_CXX_LANGUAGE_STANDARD = "gnu++14";
				CLANG_CXX_LIBRARY = "libc++";
				CLANG_ENABLE_MODULES = YES;
				CLANG_ENABLE_OBJC_ARC = YES;
				CLANG_WARN_DIRECT_OBJC_ISA_USAGE = YES_ERROR;
				CLANG_WARN_DOCUMENTATION_COMMENTS = YES;
				CLANG_WARN_OBJC_ROOT_CLASS = YES_ERROR;
				CLANG_WARN_UNGUARDED_AVAILABILITY = YES_AGGRESSIVE;
				CODE_SIGN_IDENTITY = "iPhone Developer";
				CODE_SIGN_STYLE = Automatic;
				COPY_PHASE_STRIP = NO;
				CURRENT_PROJECT_VERSION = 2.8.1;
				DEBUG_INFORMATION_FORMAT = "dwarf-with-dsym";
				DEVELOPMENT_TEAM = 7PGFJN8WH5;
				ENABLE_NS_ASSERTIONS = NO;
				GCC_C_LANGUAGE_STANDARD = gnu11;
				GCC_WARN_ABOUT_RETURN_TYPE = YES_ERROR;
				GCC_WARN_UNINITIALIZED_AUTOS = YES_AGGRESSIVE;
				IBSC_MODULE = StockWatch_Extension;
				INFOPLIST_FILE = StockWatch/Info.plist;
				LD_RUNPATH_SEARCH_PATHS = (
					"$(inherited)",
					"@executable_path/Frameworks",
					"@executable_path/../Frameworks",
					"@executable_path/../../Frameworks",
					"@loader_path/Frameworks",
					"@loader_path/../Frameworks",
					"@loader_path/../../Frameworks",
				);
				MARKETING_VERSION = 2.8.1;
				MTL_ENABLE_DEBUG_INFO = NO;
				PRODUCT_BUNDLE_IDENTIFIER = com.lightstreamer.ios.stocklist.nompn.watchkitapp;
				PRODUCT_NAME = "$(TARGET_NAME)";
				SDKROOT = watchos;
				SKIP_INSTALL = YES;
				SWIFT_VERSION = 5.0;
				TARGETED_DEVICE_FAMILY = 4;
				VALIDATE_PRODUCT = YES;
				WATCHOS_DEPLOYMENT_TARGET = 2.0;
			};
			name = Release;
		};
		8CB7602B203471820099AA49 /* Debug */ = {
			isa = XCBuildConfiguration;
			buildSettings = {
				ALWAYS_SEARCH_USER_PATHS = NO;
				ASSETCATALOG_COMPILER_COMPLICATION_NAME = Complication;
				CLANG_ANALYZER_NONNULL = YES;
				CLANG_ANALYZER_NUMBER_OBJECT_CONVERSION = YES_AGGRESSIVE;
				CLANG_CXX_LANGUAGE_STANDARD = "gnu++14";
				CLANG_CXX_LIBRARY = "libc++";
				CLANG_ENABLE_MODULES = YES;
				CLANG_ENABLE_OBJC_ARC = YES;
				CLANG_WARN_DIRECT_OBJC_ISA_USAGE = YES_ERROR;
				CLANG_WARN_DOCUMENTATION_COMMENTS = YES;
				CLANG_WARN_OBJC_ROOT_CLASS = YES_ERROR;
				CLANG_WARN_UNGUARDED_AVAILABILITY = YES_AGGRESSIVE;
				CODE_SIGN_STYLE = Automatic;
				COPY_PHASE_STRIP = NO;
				CURRENT_PROJECT_VERSION = 2.8.1;
				DEBUG_INFORMATION_FORMAT = dwarf;
				DEVELOPMENT_TEAM = 7PGFJN8WH5;
				GCC_C_LANGUAGE_STANDARD = gnu11;
				GCC_DYNAMIC_NO_PIC = NO;
				GCC_OPTIMIZATION_LEVEL = 0;
				GCC_PRECOMPILE_PREFIX_HEADER = YES;
				GCC_PREFIX_HEADER = "StockWatch Extension/StockWatch_Demo_for_watchOS_Prefix.pch";
				GCC_PREPROCESSOR_DEFINITIONS = (
					"DEBUG=1",
					"$(inherited)",
				);
				GCC_WARN_ABOUT_RETURN_TYPE = YES_ERROR;
				GCC_WARN_UNINITIALIZED_AUTOS = YES_AGGRESSIVE;
				INFOPLIST_FILE = "StockWatch Extension/Info.plist";
				LD_RUNPATH_SEARCH_PATHS = (
					"$(inherited)",
					"@executable_path/Frameworks",
					"@executable_path/../../Frameworks",
				);
				MARKETING_VERSION = 2.8.1;
				MTL_ENABLE_DEBUG_INFO = YES;
				PRODUCT_BUNDLE_IDENTIFIER = com.lightstreamer.ios.stocklist.nompn.watchkitapp.watchkitextension;
				PRODUCT_NAME = "${TARGET_NAME}";
				SDKROOT = watchos;
				SKIP_INSTALL = YES;
				SWIFT_OBJC_BRIDGING_HEADER = "StockWatch_Demo_for_watchOS-Bridging-Header.h";
				SWIFT_OPTIMIZATION_LEVEL = "-Onone";
				SWIFT_VERSION = 5.0;
				TARGETED_DEVICE_FAMILY = 4;
				WATCHOS_DEPLOYMENT_TARGET = 3.1;
			};
			name = Debug;
		};
		8CB7602C203471820099AA49 /* Release */ = {
			isa = XCBuildConfiguration;
			buildSettings = {
				ALWAYS_SEARCH_USER_PATHS = NO;
				ASSETCATALOG_COMPILER_COMPLICATION_NAME = Complication;
				CLANG_ANALYZER_NONNULL = YES;
				CLANG_ANALYZER_NUMBER_OBJECT_CONVERSION = YES_AGGRESSIVE;
				CLANG_CXX_LANGUAGE_STANDARD = "gnu++14";
				CLANG_CXX_LIBRARY = "libc++";
				CLANG_ENABLE_MODULES = YES;
				CLANG_ENABLE_OBJC_ARC = YES;
				CLANG_WARN_DIRECT_OBJC_ISA_USAGE = YES_ERROR;
				CLANG_WARN_DOCUMENTATION_COMMENTS = YES;
				CLANG_WARN_OBJC_ROOT_CLASS = YES_ERROR;
				CLANG_WARN_UNGUARDED_AVAILABILITY = YES_AGGRESSIVE;
				CODE_SIGN_STYLE = Automatic;
				COPY_PHASE_STRIP = NO;
				CURRENT_PROJECT_VERSION = 2.8.1;
				DEBUG_INFORMATION_FORMAT = "dwarf-with-dsym";
				DEVELOPMENT_TEAM = 7PGFJN8WH5;
				ENABLE_NS_ASSERTIONS = NO;
				GCC_C_LANGUAGE_STANDARD = gnu11;
				GCC_PRECOMPILE_PREFIX_HEADER = YES;
				GCC_PREFIX_HEADER = "StockWatch Extension/StockWatch_Demo_for_watchOS_Prefix.pch";
				GCC_WARN_ABOUT_RETURN_TYPE = YES_ERROR;
				GCC_WARN_UNINITIALIZED_AUTOS = YES_AGGRESSIVE;
				INFOPLIST_FILE = "StockWatch Extension/Info.plist";
				LD_RUNPATH_SEARCH_PATHS = (
					"$(inherited)",
					"@executable_path/Frameworks",
					"@executable_path/../../Frameworks",
				);
				MARKETING_VERSION = 2.8.1;
				MTL_ENABLE_DEBUG_INFO = NO;
				PRODUCT_BUNDLE_IDENTIFIER = com.lightstreamer.ios.stocklist.nompn.watchkitapp.watchkitextension;
				PRODUCT_NAME = "${TARGET_NAME}";
				SDKROOT = watchos;
				SKIP_INSTALL = YES;
				SWIFT_OBJC_BRIDGING_HEADER = "StockWatch_Demo_for_watchOS-Bridging-Header.h";
				SWIFT_VERSION = 5.0;
				TARGETED_DEVICE_FAMILY = 4;
				VALIDATE_PRODUCT = YES;
				WATCHOS_DEPLOYMENT_TARGET = 3.1;
			};
			name = Release;
		};
		C01FCF4F08A954540054247B /* Debug */ = {
			isa = XCBuildConfiguration;
			buildSettings = {
				CLANG_ANALYZER_LOCALIZABILITY_NONLOCALIZED = YES;
				CLANG_WARN_BLOCK_CAPTURE_AUTORELEASING = YES;
				CLANG_WARN_BOOL_CONVERSION = YES;
				CLANG_WARN_COMMA = YES;
				CLANG_WARN_CONSTANT_CONVERSION = YES;
				CLANG_WARN_DEPRECATED_OBJC_IMPLEMENTATIONS = YES;
				CLANG_WARN_EMPTY_BODY = YES;
				CLANG_WARN_ENUM_CONVERSION = YES;
				CLANG_WARN_INFINITE_RECURSION = YES;
				CLANG_WARN_INT_CONVERSION = YES;
				CLANG_WARN_NON_LITERAL_NULL_CONVERSION = YES;
				CLANG_WARN_OBJC_IMPLICIT_RETAIN_SELF = YES;
				CLANG_WARN_OBJC_LITERAL_CONVERSION = YES;
				CLANG_WARN_RANGE_LOOP_ANALYSIS = YES;
				CLANG_WARN_STRICT_PROTOTYPES = YES;
				CLANG_WARN_SUSPICIOUS_MOVE = YES;
				CLANG_WARN_UNREACHABLE_CODE = YES;
				CLANG_WARN__DUPLICATE_METHOD_MATCH = YES;
				ENABLE_STRICT_OBJC_MSGSEND = YES;
				ENABLE_TESTABILITY = YES;
				GCC_C_LANGUAGE_STANDARD = c99;
				GCC_NO_COMMON_BLOCKS = YES;
				GCC_WARN_64_TO_32_BIT_CONVERSION = YES;
				GCC_WARN_ABOUT_RETURN_TYPE = YES;
				GCC_WARN_UNDECLARED_SELECTOR = YES;
				GCC_WARN_UNINITIALIZED_AUTOS = YES;
				GCC_WARN_UNUSED_FUNCTION = YES;
				GCC_WARN_UNUSED_VARIABLE = YES;
				IPHONEOS_DEPLOYMENT_TARGET = 8.0;
				ONLY_ACTIVE_ARCH = YES;
				PRODUCT_NAME = "Lightstreamer StockList";
				SDKROOT = iphoneos;
				TARGETED_DEVICE_FAMILY = "1,2";
			};
			name = Debug;
		};
		C01FCF5008A954540054247B /* Release */ = {
			isa = XCBuildConfiguration;
			buildSettings = {
				CLANG_ANALYZER_LOCALIZABILITY_NONLOCALIZED = YES;
				CLANG_WARN_BLOCK_CAPTURE_AUTORELEASING = YES;
				CLANG_WARN_BOOL_CONVERSION = YES;
				CLANG_WARN_COMMA = YES;
				CLANG_WARN_CONSTANT_CONVERSION = YES;
				CLANG_WARN_DEPRECATED_OBJC_IMPLEMENTATIONS = YES;
				CLANG_WARN_EMPTY_BODY = YES;
				CLANG_WARN_ENUM_CONVERSION = YES;
				CLANG_WARN_INFINITE_RECURSION = YES;
				CLANG_WARN_INT_CONVERSION = YES;
				CLANG_WARN_NON_LITERAL_NULL_CONVERSION = YES;
				CLANG_WARN_OBJC_IMPLICIT_RETAIN_SELF = YES;
				CLANG_WARN_OBJC_LITERAL_CONVERSION = YES;
				CLANG_WARN_RANGE_LOOP_ANALYSIS = YES;
				CLANG_WARN_STRICT_PROTOTYPES = YES;
				CLANG_WARN_SUSPICIOUS_MOVE = YES;
				CLANG_WARN_UNREACHABLE_CODE = YES;
				CLANG_WARN__DUPLICATE_METHOD_MATCH = YES;
				ENABLE_STRICT_OBJC_MSGSEND = YES;
				GCC_C_LANGUAGE_STANDARD = c99;
				GCC_NO_COMMON_BLOCKS = YES;
				GCC_WARN_64_TO_32_BIT_CONVERSION = YES;
				GCC_WARN_ABOUT_RETURN_TYPE = YES;
				GCC_WARN_UNDECLARED_SELECTOR = YES;
				GCC_WARN_UNINITIALIZED_AUTOS = YES;
				GCC_WARN_UNUSED_FUNCTION = YES;
				GCC_WARN_UNUSED_VARIABLE = YES;
				IPHONEOS_DEPLOYMENT_TARGET = 8.0;
				OTHER_CFLAGS = "-DNS_BLOCK_ASSERTIONS=1";
				PRODUCT_NAME = "Lightstreamer StockList";
				SDKROOT = iphoneos;
				TARGETED_DEVICE_FAMILY = "1,2";
			};
			name = Release;
		};
/* End XCBuildConfiguration section */

/* Begin XCConfigurationList section */
		1D6058960D05DD3E006BFB54 /* Build configuration list for PBXNativeTarget "StockList Demo for iOS" */ = {
			isa = XCConfigurationList;
			buildConfigurations = (
				1D6058940D05DD3E006BFB54 /* Debug */,
				1D6058950D05DD3E006BFB54 /* Release */,
			);
			defaultConfigurationIsVisible = 0;
			defaultConfigurationName = Release;
		};
		8CB7602D203471820099AA49 /* Build configuration list for PBXNativeTarget "StockWatch Extension" */ = {
			isa = XCConfigurationList;
			buildConfigurations = (
				8CB7602B203471820099AA49 /* Debug */,
				8CB7602C203471820099AA49 /* Release */,
			);
			defaultConfigurationIsVisible = 0;
			defaultConfigurationName = Release;
		};
		8CB7602F203471820099AA49 /* Build configuration list for PBXNativeTarget "StockWatch" */ = {
			isa = XCConfigurationList;
			buildConfigurations = (
				8CB76029203471820099AA49 /* Debug */,
				8CB7602A203471820099AA49 /* Release */,
			);
			defaultConfigurationIsVisible = 0;
			defaultConfigurationName = Release;
		};
		C01FCF4E08A954540054247B /* Build configuration list for PBXProject "StockList Demo for iOS" */ = {
			isa = XCConfigurationList;
			buildConfigurations = (
				C01FCF4F08A954540054247B /* Debug */,
				C01FCF5008A954540054247B /* Release */,
			);
			defaultConfigurationIsVisible = 0;
			defaultConfigurationName = Release;
		};
/* End XCConfigurationList section */

/* Begin XCSwiftPackageProductDependency section */
		578EFED726F47F08003207E3 /* LightstreamerClient */ = {
			isa = XCSwiftPackageProductDependency;
			productName = LightstreamerClient;
		};
		578EFED926F47F14003207E3 /* LightstreamerClient */ = {
			isa = XCSwiftPackageProductDependency;
			productName = LightstreamerClient;
		};
/* End XCSwiftPackageProductDependency section */
	};
	rootObject = 29B97313FDCFA39411CA2CEA /* Project object */;
}
